// !$*UTF8*$!
{
	archiveVersion = 1;
	classes = {
	};
	objectVersion = 46;
	objects = {

/* Begin PBXBuildFile section */
		669C6008882F3F617F0CF5C4 /* NSObject+FKFormAttributeMapping.m in Sources */ = {isa = PBXBuildFile; fileRef = 669C6CA18A00327342292896 /* NSObject+FKFormAttributeMapping.m */; };
		669C60A544B97987D4F34D30 /* History.m in Sources */ = {isa = PBXBuildFile; fileRef = 669C62D6E02EDE2510D6B2C3 /* History.m */; };
		669C6185D1C14D882A55528D /* Utils.m in Sources */ = {isa = PBXBuildFile; fileRef = 669C6197EA446B6CC62A61D2 /* Utils.m */; };
		669C62253CE69903F2920323 /* BWSelectViewController.m in Sources */ = {isa = PBXBuildFile; fileRef = 669C61A81A322B90FBD57239 /* BWSelectViewController.m */; };
		669C62816E63367E9163F601 /* FKFloatField.m in Sources */ = {isa = PBXBuildFile; fileRef = 669C63D8DF0999683B7A1394 /* FKFloatField.m */; };
		669C62B32394DE7C06F4902A /* second@2x.png in Resources */ = {isa = PBXBuildFile; fileRef = 669C68F3D052C52B82EB5154 /* second@2x.png */; };
		669C63026693FB0B828A7AF6 /* FKLabelField.m in Sources */ = {isa = PBXBuildFile; fileRef = 669C6663D11B8718757A5EDC /* FKLabelField.m */; };
		669C637F277AE650A9731DDE /* FKFormModel.m in Sources */ = {isa = PBXBuildFile; fileRef = 669C6BFE9C4F42540B0F89D6 /* FKFormModel.m */; };
		669C6383322B2C39D950C95C /* FKDisclosureIndicatorAccessoryField.m in Sources */ = {isa = PBXBuildFile; fileRef = 669C693962D2C975D82558C4 /* FKDisclosureIndicatorAccessoryField.m */; };
		669C63FBD2A89272FEB6A624 /* main.m in Sources */ = {isa = PBXBuildFile; fileRef = 669C6F7BB1CCCA11A880D48E /* main.m */; };
		669C641C3638DE13A56E51A8 /* Default.png in Resources */ = {isa = PBXBuildFile; fileRef = 669C6BC47F84B450D2365B57 /* Default.png */; };
		669C644BEF44268DBD70FF24 /* AppDelegate.m in Sources */ = {isa = PBXBuildFile; fileRef = 669C67218ED9C68454704265 /* AppDelegate.m */; };
		669C64B17FAF52CF59444BDA /* SettingViewController.m in Sources */ = {isa = PBXBuildFile; fileRef = 669C6D123F961CE86293BC4A /* SettingViewController.m */; };
		669C651F2E664DDF0A779994 /* first@2x.png in Resources */ = {isa = PBXBuildFile; fileRef = 669C67CFFB535FF875880DD7 /* first@2x.png */; };
		669C652179F5965381EE5614 /* FKTextField.m in Sources */ = {isa = PBXBuildFile; fileRef = 669C65067FAB4828A33B340D /* FKTextField.m */; };
		669C65CDD98C5BF761FCE643 /* Setting.m in Sources */ = {isa = PBXBuildFile; fileRef = 669C6291CE1E4C5050AD226C /* Setting.m */; };
		669C66A2CA5AEF13334BB999 /* BWLongTextViewController.m in Sources */ = {isa = PBXBuildFile; fileRef = 669C6E16C7C75A4B2D4099D5 /* BWLongTextViewController.m */; };
		669C670891CC685671B0FF8A /* FKSwitchField.m in Sources */ = {isa = PBXBuildFile; fileRef = 669C65D7D5CD131C674646AE /* FKSwitchField.m */; };
		669C67289DA075A6F7DEB4D8 /* FKButtonField.m in Sources */ = {isa = PBXBuildFile; fileRef = 669C681AA6C30574708A74D3 /* FKButtonField.m */; };
		669C67F03581D54B16A4F583 /* Foundation.framework in Frameworks */ = {isa = PBXBuildFile; fileRef = 669C65208C240A7B6D880517 /* Foundation.framework */; };
		669C67FFB0F62839BBB7AFC5 /* first.png in Resources */ = {isa = PBXBuildFile; fileRef = 669C6D401A7CBAFE8EC48EE4 /* first.png */; };
		669C6878B0C56717453EB067 /* FKFormMapper.m in Sources */ = {isa = PBXBuildFile; fileRef = 669C6A45903A6E7D30B86014 /* FKFormMapper.m */; };
		669C68BFD8B1DC4DE0B17F1E /* ActionSheetDistancePicker.m in Sources */ = {isa = PBXBuildFile; fileRef = 669C6D6F515E1CA9F377292E /* ActionSheetDistancePicker.m */; };
		669C68F348B8610DC5798E74 /* FKValueViewField.m in Sources */ = {isa = PBXBuildFile; fileRef = 669C6664FFC221D286D47706 /* FKValueViewField.m */; };
		669C690143D32E3D8732A3AB /* UITableViewCell+FormKit.m in Sources */ = {isa = PBXBuildFile; fileRef = 669C61CB901CD5FC841C0D82 /* UITableViewCell+FormKit.m */; };
		669C6903021754F1A4AD8589 /* FKFormMapping.m in Sources */ = {isa = PBXBuildFile; fileRef = 669C6AB7359B88BC7AAF7B04 /* FKFormMapping.m */; };
		669C691A67A0AE5B55878DA6 /* FKIntegerField.m in Sources */ = {isa = PBXBuildFile; fileRef = 669C60F363EFD9CF672FFAE8 /* FKIntegerField.m */; };
		669C69269963ED7F50F35092 /* InfoPlist.strings in Resources */ = {isa = PBXBuildFile; fileRef = 669C61EC6454A1185E7B5588 /* InfoPlist.strings */; };
		669C6991CDFAD2868EDE27E4 /* Default-568h@2x.png in Resources */ = {isa = PBXBuildFile; fileRef = 669C6446C4510C70206A53ED /* Default-568h@2x.png */; };
		669C69BCADAED13141FE512A /* FKFormAttributeMapping.m in Sources */ = {isa = PBXBuildFile; fileRef = 669C6F7E4F1A1DC77B135673 /* FKFormAttributeMapping.m */; };
		669C69CFD4953CE3AA1DBF61 /* FKFormAttributeValidation.m in Sources */ = {isa = PBXBuildFile; fileRef = 669C6ED4476F12B29DA36AE6 /* FKFormAttributeValidation.m */; };
		669C69FF5E827B3E87D23DE0 /* HistoryList.m in Sources */ = {isa = PBXBuildFile; fileRef = 669C680067347C26E9F149AB /* HistoryList.m */; };
		669C6A833D463BD32D569D61 /* ActionSheetCustomPicker.m in Sources */ = {isa = PBXBuildFile; fileRef = 669C63FB72D1A1E9401C4AC1 /* ActionSheetCustomPicker.m */; };
		669C6A9135AB4278EC35143F /* TimerViewController.m in Sources */ = {isa = PBXBuildFile; fileRef = 669C679917EA8BAE072ED7D0 /* TimerViewController.m */; };
		669C6AA67111A14C0AE57B30 /* ActionSheetStringPicker.m in Sources */ = {isa = PBXBuildFile; fileRef = 669C6C88E1713202FB027AC6 /* ActionSheetStringPicker.m */; };
		669C6AC85E4FB227CA8AB4F1 /* DistancePickerView.m in Sources */ = {isa = PBXBuildFile; fileRef = 669C6397622DC8344C61F416 /* DistancePickerView.m */; };
		669C6ADE4F3A4182C787B13D /* FKPasswordTextField.m in Sources */ = {isa = PBXBuildFile; fileRef = 669C6C0083422D84768F4D9B /* FKPasswordTextField.m */; };
		669C6B18FD908078DA8A0C92 /* Default@2x.png in Resources */ = {isa = PBXBuildFile; fileRef = 669C6A48F52F929EE0330814 /* Default@2x.png */; };
		669C6B436D39320CD90E1A5B /* CoreGraphics.framework in Frameworks */ = {isa = PBXBuildFile; fileRef = 669C61605667738527AC32C1 /* CoreGraphics.framework */; };
		669C6BE55A8BAB309C798209 /* FKSaveButtonField.m in Sources */ = {isa = PBXBuildFile; fileRef = 669C6502875463B5209F4845 /* FKSaveButtonField.m */; };
		669C6C59F22BDDF1A63DB91D /* FKSectionObject.m in Sources */ = {isa = PBXBuildFile; fileRef = 669C6F786CD8F820F9D34E69 /* FKSectionObject.m */; };
		669C6CDD3D168BB6C1FC4E92 /* HistoryViewController.m in Sources */ = {isa = PBXBuildFile; fileRef = 669C69B345671C95F9BC09EB /* HistoryViewController.m */; };
		669C6CFD0A49280FA83E9CE9 /* UIView+FormKit.m in Sources */ = {isa = PBXBuildFile; fileRef = 669C67F8D8211C4B8C73C484 /* UIView+FormKit.m */; };
		669C6D3C3D643EA7111A8A0C /* FKSimpleField.m in Sources */ = {isa = PBXBuildFile; fileRef = 669C625EB838AED9964883DF /* FKSimpleField.m */; };
		669C6D5297CC98E99AF9A758 /* MainViewController.m in Sources */ = {isa = PBXBuildFile; fileRef = 669C6A005849890E3BE4B624 /* MainViewController.m */; };
		669C6D6DAE0DA2A05769DE45 /* FKBadgeField.m in Sources */ = {isa = PBXBuildFile; fileRef = 669C688BD1D9FF8D98E1FFEB /* FKBadgeField.m */; };
		669C6DA1A487D68F30166D56 /* FKTextViewField.m in Sources */ = {isa = PBXBuildFile; fileRef = 669C6C490DD107929D13E4C1 /* FKTextViewField.m */; };
		669C6E05A023E0CFC5CF3002 /* second.png in Resources */ = {isa = PBXBuildFile; fileRef = 669C6BEFA3796F926DAD47B6 /* second.png */; };
		669C6E15F70BF6AD6EFD599F /* UIKit.framework in Frameworks */ = {isa = PBXBuildFile; fileRef = 669C6F06839B1EF2817D6337 /* UIKit.framework */; };
		669C6E19C1E55B540C6BD789 /* FKImageField.m in Sources */ = {isa = PBXBuildFile; fileRef = 669C6176DD87EF6DCF9C1158 /* FKImageField.m */; };
		669C6E77EE9E2254E030D714 /* FKSliderField.m in Sources */ = {isa = PBXBuildFile; fileRef = 669C614DDB88C00A7FE4900E /* FKSliderField.m */; };
		669C6E8841F142B14D86A1A6 /* AbstractActionSheetPicker.m in Sources */ = {isa = PBXBuildFile; fileRef = 669C63375056143BB67D0EA9 /* AbstractActionSheetPicker.m */; };
		669C6EB6895D9620098FCFEF /* TimerView.xib in Resources */ = {isa = PBXBuildFile; fileRef = 669C6223366E799D6317C5B4 /* TimerView.xib */; };
		669C6F8C102DBE420A73904D /* ActionSheetDatePicker.m in Sources */ = {isa = PBXBuildFile; fileRef = 669C60E81C95F92859829012 /* ActionSheetDatePicker.m */; };
		AC46F4D517C8939B00988C9E /* libTestFlight.a in Frameworks */ = {isa = PBXBuildFile; fileRef = AC46F4CF17C8939B00988C9E /* libTestFlight.a */; };
		AC46F4D617C8939B00988C9E /* README.md in Resources */ = {isa = PBXBuildFile; fileRef = AC46F4D017C8939B00988C9E /* README.md */; };
		AC46F4D717C8939B00988C9E /* release_notes.md in Resources */ = {isa = PBXBuildFile; fileRef = AC46F4D117C8939B00988C9E /* release_notes.md */; };
		AC46F4D917C8982100988C9E /* libz.dylib in Frameworks */ = {isa = PBXBuildFile; fileRef = AC46F4D817C8982100988C9E /* libz.dylib */; };
		AC51AF0E17CCF86500176627 /* Icon-72.png in Resources */ = {isa = PBXBuildFile; fileRef = AC51AF0417CCF86500176627 /* Icon-72.png */; };
		AC51AF0F17CCF86500176627 /* Icon-72@2x.png in Resources */ = {isa = PBXBuildFile; fileRef = AC51AF0517CCF86500176627 /* Icon-72@2x.png */; };
		AC51AF1017CCF86500176627 /* Icon-Small-50.png in Resources */ = {isa = PBXBuildFile; fileRef = AC51AF0617CCF86500176627 /* Icon-Small-50.png */; };
		AC51AF1117CCF86500176627 /* Icon-Small-50@2x.png in Resources */ = {isa = PBXBuildFile; fileRef = AC51AF0717CCF86500176627 /* Icon-Small-50@2x.png */; };
		AC51AF1217CCF86500176627 /* Icon-Small.png in Resources */ = {isa = PBXBuildFile; fileRef = AC51AF0817CCF86500176627 /* Icon-Small.png */; };
		AC51AF1317CCF86500176627 /* Icon-Small@2x.png in Resources */ = {isa = PBXBuildFile; fileRef = AC51AF0917CCF86500176627 /* Icon-Small@2x.png */; };
		AC51AF1417CCF86500176627 /* Icon.png in Resources */ = {isa = PBXBuildFile; fileRef = AC51AF0A17CCF86500176627 /* Icon.png */; };
		AC51AF1517CCF86500176627 /* Icon@2x.png in Resources */ = {isa = PBXBuildFile; fileRef = AC51AF0B17CCF86500176627 /* Icon@2x.png */; };
		AC51AF1617CCF86500176627 /* iTunesArtwork.png in Resources */ = {isa = PBXBuildFile; fileRef = AC51AF0C17CCF86500176627 /* iTunesArtwork.png */; };
		AC51AF1717CCF86500176627 /* iTunesArtwork@2x.png in Resources */ = {isa = PBXBuildFile; fileRef = AC51AF0D17CCF86500176627 /* iTunesArtwork@2x.png */; };
		AC7EE78517CE3EC600CFC298 /* TutorialViewController.m in Sources */ = {isa = PBXBuildFile; fileRef = AC7EE78317CE3EC600CFC298 /* TutorialViewController.m */; };
		AC7EE78617CE3EC600CFC298 /* TutorialViewController.xib in Resources */ = {isa = PBXBuildFile; fileRef = AC7EE78417CE3EC600CFC298 /* TutorialViewController.xib */; };
/* End PBXBuildFile section */

/* Begin PBXFileReference section */
		669C602105CFDE1C46A11492 /* ActionSheetDatePicker.h */ = {isa = PBXFileReference; fileEncoding = 4; lastKnownFileType = sourcecode.c.h; path = ActionSheetDatePicker.h; sourceTree = "<group>"; };
		669C608698AD18FCDC2F8AD3 /* FKPasswordTextField.h */ = {isa = PBXFileReference; fileEncoding = 4; lastKnownFileType = sourcecode.c.h; path = FKPasswordTextField.h; sourceTree = "<group>"; };
		669C60DEC238A76156FBD428 /* Setting.h */ = {isa = PBXFileReference; fileEncoding = 4; lastKnownFileType = sourcecode.c.h; path = Setting.h; sourceTree = "<group>"; };
		669C60E81C95F92859829012 /* ActionSheetDatePicker.m */ = {isa = PBXFileReference; fileEncoding = 4; lastKnownFileType = sourcecode.c.objc; path = ActionSheetDatePicker.m; sourceTree = "<group>"; };
		669C60F363EFD9CF672FFAE8 /* FKIntegerField.m */ = {isa = PBXFileReference; fileEncoding = 4; lastKnownFileType = sourcecode.c.objc; path = FKIntegerField.m; sourceTree = "<group>"; };
		669C614DDB88C00A7FE4900E /* FKSliderField.m */ = {isa = PBXFileReference; fileEncoding = 4; lastKnownFileType = sourcecode.c.objc; path = FKSliderField.m; sourceTree = "<group>"; };
		669C61605667738527AC32C1 /* CoreGraphics.framework */ = {isa = PBXFileReference; lastKnownFileType = wrapper.framework; name = CoreGraphics.framework; path = System/Library/Frameworks/CoreGraphics.framework; sourceTree = SDKROOT; };
		669C6176DD87EF6DCF9C1158 /* FKImageField.m */ = {isa = PBXFileReference; fileEncoding = 4; lastKnownFileType = sourcecode.c.objc; path = FKImageField.m; sourceTree = "<group>"; };
		669C6197EA446B6CC62A61D2 /* Utils.m */ = {isa = PBXFileReference; fileEncoding = 4; lastKnownFileType = sourcecode.c.objc; path = Utils.m; sourceTree = "<group>"; };
		669C61A81A322B90FBD57239 /* BWSelectViewController.m */ = {isa = PBXFileReference; fileEncoding = 4; lastKnownFileType = sourcecode.c.objc; path = BWSelectViewController.m; sourceTree = "<group>"; };
		669C61BD4060DC3BBB54D41E /* NSObject+FKFormAttributeMapping.h */ = {isa = PBXFileReference; fileEncoding = 4; lastKnownFileType = sourcecode.c.h; path = "NSObject+FKFormAttributeMapping.h"; sourceTree = "<group>"; };
		669C61CB901CD5FC841C0D82 /* UITableViewCell+FormKit.m */ = {isa = PBXFileReference; fileEncoding = 4; lastKnownFileType = sourcecode.c.objc; path = "UITableViewCell+FormKit.m"; sourceTree = "<group>"; };
		669C61E8337D5E2A5DC60033 /* SettingViewController.h */ = {isa = PBXFileReference; fileEncoding = 4; lastKnownFileType = sourcecode.c.h; path = SettingViewController.h; sourceTree = "<group>"; };
		669C6223366E799D6317C5B4 /* TimerView.xib */ = {isa = PBXFileReference; lastKnownFileType = file.xib; path = TimerView.xib; sourceTree = "<group>"; };
		669C6223F847B91435FE7A20 /* FKFieldsBlocks.h */ = {isa = PBXFileReference; fileEncoding = 4; lastKnownFileType = sourcecode.c.h; path = FKFieldsBlocks.h; sourceTree = "<group>"; };
		669C62358B56FC3976CEA9EA /* TimerViewController.h */ = {isa = PBXFileReference; fileEncoding = 4; lastKnownFileType = sourcecode.c.h; path = TimerViewController.h; sourceTree = "<group>"; };
		669C6237A6003D12B13F28AF /* FKLabelField.h */ = {isa = PBXFileReference; fileEncoding = 4; lastKnownFileType = sourcecode.c.h; path = FKLabelField.h; sourceTree = "<group>"; };
		669C625856E889159E72D6AF /* ActionSheetDistancePicker.h */ = {isa = PBXFileReference; fileEncoding = 4; lastKnownFileType = sourcecode.c.h; path = ActionSheetDistancePicker.h; sourceTree = "<group>"; };
		669C625EB838AED9964883DF /* FKSimpleField.m */ = {isa = PBXFileReference; fileEncoding = 4; lastKnownFileType = sourcecode.c.objc; path = FKSimpleField.m; sourceTree = "<group>"; };
		669C6289C63BB91FDB6D93CB /* FKFormMapper.h */ = {isa = PBXFileReference; fileEncoding = 4; lastKnownFileType = sourcecode.c.h; path = FKFormMapper.h; sourceTree = "<group>"; };
		669C6291CE1E4C5050AD226C /* Setting.m */ = {isa = PBXFileReference; fileEncoding = 4; lastKnownFileType = sourcecode.c.objc; path = Setting.m; sourceTree = "<group>"; };
		669C62D6E02EDE2510D6B2C3 /* History.m */ = {isa = PBXFileReference; fileEncoding = 4; lastKnownFileType = sourcecode.c.objc; path = History.m; sourceTree = "<group>"; };
		669C62D829E31C051D64AA9B /* FKSwitchField.h */ = {isa = PBXFileReference; fileEncoding = 4; lastKnownFileType = sourcecode.c.h; path = FKSwitchField.h; sourceTree = "<group>"; };
		669C631D92FDE3B69D018C00 /* FKFormModel.h */ = {isa = PBXFileReference; fileEncoding = 4; lastKnownFileType = sourcecode.c.h; path = FKFormModel.h; sourceTree = "<group>"; };
		669C6327CC28224CA8755578 /* FKButtonField.h */ = {isa = PBXFileReference; fileEncoding = 4; lastKnownFileType = sourcecode.c.h; path = FKButtonField.h; sourceTree = "<group>"; };
		669C63375056143BB67D0EA9 /* AbstractActionSheetPicker.m */ = {isa = PBXFileReference; fileEncoding = 4; lastKnownFileType = sourcecode.c.objc; path = AbstractActionSheetPicker.m; sourceTree = "<group>"; };
		669C6397622DC8344C61F416 /* DistancePickerView.m */ = {isa = PBXFileReference; fileEncoding = 4; lastKnownFileType = sourcecode.c.objc; path = DistancePickerView.m; sourceTree = "<group>"; };
		669C639951A09B47508C6598 /* FKTextViewField.h */ = {isa = PBXFileReference; fileEncoding = 4; lastKnownFileType = sourcecode.c.h; path = FKTextViewField.h; sourceTree = "<group>"; };
		669C63B33A915D1D3FFD5FC8 /* FKSliderField.h */ = {isa = PBXFileReference; fileEncoding = 4; lastKnownFileType = sourcecode.c.h; path = FKSliderField.h; sourceTree = "<group>"; };
		669C63BAAEBB10745B6E3C35 /* FKFieldErrorProtocol.h */ = {isa = PBXFileReference; fileEncoding = 4; lastKnownFileType = sourcecode.c.h; path = FKFieldErrorProtocol.h; sourceTree = "<group>"; };
		669C63CF272C11B3AF183523 /* BWSelectViewController.h */ = {isa = PBXFileReference; fileEncoding = 4; lastKnownFileType = sourcecode.c.h; path = BWSelectViewController.h; sourceTree = "<group>"; };
		669C63D8DF0999683B7A1394 /* FKFloatField.m */ = {isa = PBXFileReference; fileEncoding = 4; lastKnownFileType = sourcecode.c.objc; path = FKFloatField.m; sourceTree = "<group>"; };
		669C63FB72D1A1E9401C4AC1 /* ActionSheetCustomPicker.m */ = {isa = PBXFileReference; fileEncoding = 4; lastKnownFileType = sourcecode.c.objc; path = ActionSheetCustomPicker.m; sourceTree = "<group>"; };
		669C641A8457DA8C85F0E9DD /* FormKit.h */ = {isa = PBXFileReference; fileEncoding = 4; lastKnownFileType = sourcecode.c.h; path = FormKit.h; sourceTree = "<group>"; };
		669C6446C4510C70206A53ED /* Default-568h@2x.png */ = {isa = PBXFileReference; lastKnownFileType = image.png; path = "Default-568h@2x.png"; sourceTree = "<group>"; };
		669C64B1D8CD7CFAFC974636 /* ActionSheetStringPicker.h */ = {isa = PBXFileReference; fileEncoding = 4; lastKnownFileType = sourcecode.c.h; path = ActionSheetStringPicker.h; sourceTree = "<group>"; };
		669C6502875463B5209F4845 /* FKSaveButtonField.m */ = {isa = PBXFileReference; fileEncoding = 4; lastKnownFileType = sourcecode.c.objc; path = FKSaveButtonField.m; sourceTree = "<group>"; };
		669C65067FAB4828A33B340D /* FKTextField.m */ = {isa = PBXFileReference; fileEncoding = 4; lastKnownFileType = sourcecode.c.objc; path = FKTextField.m; sourceTree = "<group>"; };
		669C65208C240A7B6D880517 /* Foundation.framework */ = {isa = PBXFileReference; lastKnownFileType = wrapper.framework; name = Foundation.framework; path = System/Library/Frameworks/Foundation.framework; sourceTree = SDKROOT; };
		669C652AD24612E9CE0C6E2C /* ActionSheetCustomPicker.h */ = {isa = PBXFileReference; fileEncoding = 4; lastKnownFileType = sourcecode.c.h; path = ActionSheetCustomPicker.h; sourceTree = "<group>"; };
		669C658EAADC7BA49DF6E63A /* History.h */ = {isa = PBXFileReference; fileEncoding = 4; lastKnownFileType = sourcecode.c.h; path = History.h; sourceTree = "<group>"; };
		669C65D7D5CD131C674646AE /* FKSwitchField.m */ = {isa = PBXFileReference; fileEncoding = 4; lastKnownFileType = sourcecode.c.objc; path = FKSwitchField.m; sourceTree = "<group>"; };
		669C65DB709DD86EF61C2341 /* UIView+FormKit.h */ = {isa = PBXFileReference; fileEncoding = 4; lastKnownFileType = sourcecode.c.h; path = "UIView+FormKit.h"; sourceTree = "<group>"; };
		669C65DF443CD9F0E9A22750 /* AppDelegate.h */ = {isa = PBXFileReference; lastKnownFileType = sourcecode.c.h; path = AppDelegate.h; sourceTree = "<group>"; };
		669C6663D11B8718757A5EDC /* FKLabelField.m */ = {isa = PBXFileReference; fileEncoding = 4; lastKnownFileType = sourcecode.c.objc; path = FKLabelField.m; sourceTree = "<group>"; };
		669C6664FFC221D286D47706 /* FKValueViewField.m */ = {isa = PBXFileReference; fileEncoding = 4; lastKnownFileType = sourcecode.c.objc; path = FKValueViewField.m; sourceTree = "<group>"; };
		669C66E963A28C6353BF60D3 /* FKFloatField.h */ = {isa = PBXFileReference; fileEncoding = 4; lastKnownFileType = sourcecode.c.h; path = FKFloatField.h; sourceTree = "<group>"; };
		669C67218ED9C68454704265 /* AppDelegate.m */ = {isa = PBXFileReference; lastKnownFileType = sourcecode.c.objc; path = AppDelegate.m; sourceTree = "<group>"; };
		669C673E8AF4FCC1482EAB97 /* FKTextField.h */ = {isa = PBXFileReference; fileEncoding = 4; lastKnownFileType = sourcecode.c.h; path = FKTextField.h; sourceTree = "<group>"; };
		669C679917EA8BAE072ED7D0 /* TimerViewController.m */ = {isa = PBXFileReference; fileEncoding = 4; lastKnownFileType = sourcecode.c.objc; path = TimerViewController.m; sourceTree = "<group>"; };
		669C67CFFB535FF875880DD7 /* first@2x.png */ = {isa = PBXFileReference; lastKnownFileType = image.png; path = "first@2x.png"; sourceTree = "<group>"; };
		669C67D8AD14CDD90BB4B7BF /* FKIntegerField.h */ = {isa = PBXFileReference; fileEncoding = 4; lastKnownFileType = sourcecode.c.h; path = FKIntegerField.h; sourceTree = "<group>"; };
		669C67F8D8211C4B8C73C484 /* UIView+FormKit.m */ = {isa = PBXFileReference; fileEncoding = 4; lastKnownFileType = sourcecode.c.objc; path = "UIView+FormKit.m"; sourceTree = "<group>"; };
		669C680067347C26E9F149AB /* HistoryList.m */ = {isa = PBXFileReference; fileEncoding = 4; lastKnownFileType = sourcecode.c.objc; path = HistoryList.m; sourceTree = "<group>"; };
		669C6818D2EB28347F196091 /* FKDisclosureIndicatorAccessoryField.h */ = {isa = PBXFileReference; fileEncoding = 4; lastKnownFileType = sourcecode.c.h; path = FKDisclosureIndicatorAccessoryField.h; sourceTree = "<group>"; };
		669C681AA6C30574708A74D3 /* FKButtonField.m */ = {isa = PBXFileReference; fileEncoding = 4; lastKnownFileType = sourcecode.c.objc; path = FKButtonField.m; sourceTree = "<group>"; };
		669C688BD1D9FF8D98E1FFEB /* FKBadgeField.m */ = {isa = PBXFileReference; fileEncoding = 4; lastKnownFileType = sourcecode.c.objc; path = FKBadgeField.m; sourceTree = "<group>"; };
		669C68F3D052C52B82EB5154 /* second@2x.png */ = {isa = PBXFileReference; lastKnownFileType = image.png; path = "second@2x.png"; sourceTree = "<group>"; };
		669C693962D2C975D82558C4 /* FKDisclosureIndicatorAccessoryField.m */ = {isa = PBXFileReference; fileEncoding = 4; lastKnownFileType = sourcecode.c.objc; path = FKDisclosureIndicatorAccessoryField.m; sourceTree = "<group>"; };
		669C696AF60D676F58176167 /* FKFormAttributeValidation.h */ = {isa = PBXFileReference; fileEncoding = 4; lastKnownFileType = sourcecode.c.h; path = FKFormAttributeValidation.h; sourceTree = "<group>"; };
		669C6993CB4C3E743C9CB159 /* FKFields.h */ = {isa = PBXFileReference; fileEncoding = 4; lastKnownFileType = sourcecode.c.h; path = FKFields.h; sourceTree = "<group>"; };
		669C69949FF90810ED6A84BC /* FKSectionObject.h */ = {isa = PBXFileReference; fileEncoding = 4; lastKnownFileType = sourcecode.c.h; path = FKSectionObject.h; sourceTree = "<group>"; };
		669C69B345671C95F9BC09EB /* HistoryViewController.m */ = {isa = PBXFileReference; fileEncoding = 4; lastKnownFileType = sourcecode.c.objc; path = HistoryViewController.m; sourceTree = "<group>"; };
		669C69CBEB3B688AB737AF4D /* UITableViewCell+FormKit.h */ = {isa = PBXFileReference; fileEncoding = 4; lastKnownFileType = sourcecode.c.h; path = "UITableViewCell+FormKit.h"; sourceTree = "<group>"; };
		669C69E38AFD1867AE326A2B /* ActionSheetCustomPickerDelegate.h */ = {isa = PBXFileReference; fileEncoding = 4; lastKnownFileType = sourcecode.c.h; path = ActionSheetCustomPickerDelegate.h; sourceTree = "<group>"; };
		669C6A005849890E3BE4B624 /* MainViewController.m */ = {isa = PBXFileReference; fileEncoding = 4; lastKnownFileType = sourcecode.c.objc; path = MainViewController.m; sourceTree = "<group>"; };
		669C6A0A91227AE27477CF4C /* Plank-Info.plist */ = {isa = PBXFileReference; lastKnownFileType = text.plist.info; path = "Plank-Info.plist"; sourceTree = "<group>"; };
		669C6A45903A6E7D30B86014 /* FKFormMapper.m */ = {isa = PBXFileReference; fileEncoding = 4; lastKnownFileType = sourcecode.c.objc; path = FKFormMapper.m; sourceTree = "<group>"; };
		669C6A48F52F929EE0330814 /* Default@2x.png */ = {isa = PBXFileReference; lastKnownFileType = image.png; path = "Default@2x.png"; sourceTree = "<group>"; };
		669C6A7400892333B142373C /* DistancePickerView.h */ = {isa = PBXFileReference; fileEncoding = 4; lastKnownFileType = sourcecode.c.h; path = DistancePickerView.h; sourceTree = "<group>"; };
		669C6AB494AE04E0FBA56696 /* Plank.app */ = {isa = PBXFileReference; explicitFileType = wrapper.application; includeInIndex = 0; path = Plank.app; sourceTree = BUILT_PRODUCTS_DIR; };
		669C6AB7359B88BC7AAF7B04 /* FKFormMapping.m */ = {isa = PBXFileReference; fileEncoding = 4; lastKnownFileType = sourcecode.c.objc; path = FKFormMapping.m; sourceTree = "<group>"; };
		669C6AC647D8732BD99A67E1 /* FKFormMapping.h */ = {isa = PBXFileReference; fileEncoding = 4; lastKnownFileType = sourcecode.c.h; path = FKFormMapping.h; sourceTree = "<group>"; };
		669C6AF40CC6B3DC6AFE464C /* HistoryList.h */ = {isa = PBXFileReference; fileEncoding = 4; lastKnownFileType = sourcecode.c.h; path = HistoryList.h; sourceTree = "<group>"; };
		669C6B21B3B2704F02D14145 /* AbstractActionSheetPicker.h */ = {isa = PBXFileReference; fileEncoding = 4; lastKnownFileType = sourcecode.c.h; path = AbstractActionSheetPicker.h; sourceTree = "<group>"; };
		669C6BC47F84B450D2365B57 /* Default.png */ = {isa = PBXFileReference; lastKnownFileType = image.png; path = Default.png; sourceTree = "<group>"; };
		669C6BEFA3796F926DAD47B6 /* second.png */ = {isa = PBXFileReference; lastKnownFileType = image.png; path = second.png; sourceTree = "<group>"; };
		669C6BFE9C4F42540B0F89D6 /* FKFormModel.m */ = {isa = PBXFileReference; fileEncoding = 4; lastKnownFileType = sourcecode.c.objc; path = FKFormModel.m; sourceTree = "<group>"; };
		669C6C0083422D84768F4D9B /* FKPasswordTextField.m */ = {isa = PBXFileReference; fileEncoding = 4; lastKnownFileType = sourcecode.c.objc; path = FKPasswordTextField.m; sourceTree = "<group>"; };
		669C6C490DD107929D13E4C1 /* FKTextViewField.m */ = {isa = PBXFileReference; fileEncoding = 4; lastKnownFileType = sourcecode.c.objc; path = FKTextViewField.m; sourceTree = "<group>"; };
		669C6C6467C59DAAA7566946 /* HistoryViewController.h */ = {isa = PBXFileReference; fileEncoding = 4; lastKnownFileType = sourcecode.c.h; path = HistoryViewController.h; sourceTree = "<group>"; };
		669C6C66D6A486D383C62A1C /* FKImageField.h */ = {isa = PBXFileReference; fileEncoding = 4; lastKnownFileType = sourcecode.c.h; path = FKImageField.h; sourceTree = "<group>"; };
		669C6C88E1713202FB027AC6 /* ActionSheetStringPicker.m */ = {isa = PBXFileReference; fileEncoding = 4; lastKnownFileType = sourcecode.c.objc; path = ActionSheetStringPicker.m; sourceTree = "<group>"; };
		669C6C98647974BA9EE8BB08 /* FKSaveButtonField.h */ = {isa = PBXFileReference; fileEncoding = 4; lastKnownFileType = sourcecode.c.h; path = FKSaveButtonField.h; sourceTree = "<group>"; };
		669C6CA18A00327342292896 /* NSObject+FKFormAttributeMapping.m */ = {isa = PBXFileReference; fileEncoding = 4; lastKnownFileType = sourcecode.c.objc; path = "NSObject+FKFormAttributeMapping.m"; sourceTree = "<group>"; };
		669C6D123F961CE86293BC4A /* SettingViewController.m */ = {isa = PBXFileReference; fileEncoding = 4; lastKnownFileType = sourcecode.c.objc; path = SettingViewController.m; sourceTree = "<group>"; };
		669C6D401A7CBAFE8EC48EE4 /* first.png */ = {isa = PBXFileReference; lastKnownFileType = image.png; path = first.png; sourceTree = "<group>"; };
		669C6D6F515E1CA9F377292E /* ActionSheetDistancePicker.m */ = {isa = PBXFileReference; fileEncoding = 4; lastKnownFileType = sourcecode.c.objc; path = ActionSheetDistancePicker.m; sourceTree = "<group>"; };
		669C6D7C17E09DE47DFB62E6 /* FKBlocks.h */ = {isa = PBXFileReference; fileEncoding = 4; lastKnownFileType = sourcecode.c.h; path = FKBlocks.h; sourceTree = "<group>"; };
		669C6DDF724E38D9898B5F81 /* MainViewController.h */ = {isa = PBXFileReference; fileEncoding = 4; lastKnownFileType = sourcecode.c.h; path = MainViewController.h; sourceTree = "<group>"; };
		669C6E111315E236961A1FC8 /* Utils.h */ = {isa = PBXFileReference; fileEncoding = 4; lastKnownFileType = sourcecode.c.h; path = Utils.h; sourceTree = "<group>"; };
		669C6E16C7C75A4B2D4099D5 /* BWLongTextViewController.m */ = {isa = PBXFileReference; fileEncoding = 4; lastKnownFileType = sourcecode.c.objc; path = BWLongTextViewController.m; sourceTree = "<group>"; };
		669C6E97BAE7FA4A40C42308 /* FKMacrosDefinitions.h */ = {isa = PBXFileReference; fileEncoding = 4; lastKnownFileType = sourcecode.c.h; path = FKMacrosDefinitions.h; sourceTree = "<group>"; };
		669C6EC9A28D4AF791946710 /* Plank-Prefix.pch */ = {isa = PBXFileReference; lastKnownFileType = sourcecode.c.h; path = "Plank-Prefix.pch"; sourceTree = "<group>"; };
		669C6ED4476F12B29DA36AE6 /* FKFormAttributeValidation.m */ = {isa = PBXFileReference; fileEncoding = 4; lastKnownFileType = sourcecode.c.objc; path = FKFormAttributeValidation.m; sourceTree = "<group>"; };
		669C6F06839B1EF2817D6337 /* UIKit.framework */ = {isa = PBXFileReference; lastKnownFileType = wrapper.framework; name = UIKit.framework; path = System/Library/Frameworks/UIKit.framework; sourceTree = SDKROOT; };
		669C6F31C613DB7A2A51B547 /* FKSimpleField.h */ = {isa = PBXFileReference; fileEncoding = 4; lastKnownFileType = sourcecode.c.h; path = FKSimpleField.h; sourceTree = "<group>"; };
		669C6F46D50300A104A49F1E /* FKBadgeField.h */ = {isa = PBXFileReference; fileEncoding = 4; lastKnownFileType = sourcecode.c.h; path = FKBadgeField.h; sourceTree = "<group>"; };
		669C6F4D872EFC2131FD816B /* FKValueViewField.h */ = {isa = PBXFileReference; fileEncoding = 4; lastKnownFileType = sourcecode.c.h; path = FKValueViewField.h; sourceTree = "<group>"; };
		669C6F786CD8F820F9D34E69 /* FKSectionObject.m */ = {isa = PBXFileReference; fileEncoding = 4; lastKnownFileType = sourcecode.c.objc; path = FKSectionObject.m; sourceTree = "<group>"; };
		669C6F7BB1CCCA11A880D48E /* main.m */ = {isa = PBXFileReference; lastKnownFileType = sourcecode.c.objc; path = main.m; sourceTree = "<group>"; };
		669C6F7E4F1A1DC77B135673 /* FKFormAttributeMapping.m */ = {isa = PBXFileReference; fileEncoding = 4; lastKnownFileType = sourcecode.c.objc; path = FKFormAttributeMapping.m; sourceTree = "<group>"; };
		669C6FC4AEF4CFB525737F3D /* BWLongTextViewController.h */ = {isa = PBXFileReference; fileEncoding = 4; lastKnownFileType = sourcecode.c.h; path = BWLongTextViewController.h; sourceTree = "<group>"; };
		669C6FCFC6E4A67FBE4B6919 /* FKFormAttributeMapping.h */ = {isa = PBXFileReference; fileEncoding = 4; lastKnownFileType = sourcecode.c.h; path = FKFormAttributeMapping.h; sourceTree = "<group>"; };
		669C6FD284D3B0BD80D3F217 /* en */ = {isa = PBXFileReference; lastKnownFileType = text.plist.strings; name = en; path = en.lproj/InfoPlist.strings; sourceTree = "<group>"; };
		AC46F4CF17C8939B00988C9E /* libTestFlight.a */ = {isa = PBXFileReference; lastKnownFileType = archive.ar; path = libTestFlight.a; sourceTree = "<group>"; };
		AC46F4D017C8939B00988C9E /* README.md */ = {isa = PBXFileReference; fileEncoding = 4; lastKnownFileType = text; path = README.md; sourceTree = "<group>"; };
		AC46F4D117C8939B00988C9E /* release_notes.md */ = {isa = PBXFileReference; fileEncoding = 4; lastKnownFileType = text; path = release_notes.md; sourceTree = "<group>"; };
		AC46F4D217C8939B00988C9E /* TestFlight+AsyncLogging.h */ = {isa = PBXFileReference; fileEncoding = 4; lastKnownFileType = sourcecode.c.h; path = "TestFlight+AsyncLogging.h"; sourceTree = "<group>"; };
		AC46F4D317C8939B00988C9E /* TestFlight+ManualSessions.h */ = {isa = PBXFileReference; fileEncoding = 4; lastKnownFileType = sourcecode.c.h; path = "TestFlight+ManualSessions.h"; sourceTree = "<group>"; };
		AC46F4D417C8939B00988C9E /* TestFlight.h */ = {isa = PBXFileReference; fileEncoding = 4; lastKnownFileType = sourcecode.c.h; path = TestFlight.h; sourceTree = "<group>"; };
		AC46F4D817C8982100988C9E /* libz.dylib */ = {isa = PBXFileReference; lastKnownFileType = "compiled.mach-o.dylib"; name = libz.dylib; path = usr/lib/libz.dylib; sourceTree = SDKROOT; };
		AC51AF0417CCF86500176627 /* Icon-72.png */ = {isa = PBXFileReference; lastKnownFileType = image.png; name = "Icon-72.png"; path = "../Icon-72.png"; sourceTree = "<group>"; };
		AC51AF0517CCF86500176627 /* Icon-72@2x.png */ = {isa = PBXFileReference; lastKnownFileType = image.png; name = "Icon-72@2x.png"; path = "../Icon-72@2x.png"; sourceTree = "<group>"; };
		AC51AF0617CCF86500176627 /* Icon-Small-50.png */ = {isa = PBXFileReference; lastKnownFileType = image.png; name = "Icon-Small-50.png"; path = "../Icon-Small-50.png"; sourceTree = "<group>"; };
		AC51AF0717CCF86500176627 /* Icon-Small-50@2x.png */ = {isa = PBXFileReference; lastKnownFileType = image.png; name = "Icon-Small-50@2x.png"; path = "../Icon-Small-50@2x.png"; sourceTree = "<group>"; };
		AC51AF0817CCF86500176627 /* Icon-Small.png */ = {isa = PBXFileReference; lastKnownFileType = image.png; name = "Icon-Small.png"; path = "../Icon-Small.png"; sourceTree = "<group>"; };
		AC51AF0917CCF86500176627 /* Icon-Small@2x.png */ = {isa = PBXFileReference; lastKnownFileType = image.png; name = "Icon-Small@2x.png"; path = "../Icon-Small@2x.png"; sourceTree = "<group>"; };
		AC51AF0A17CCF86500176627 /* Icon.png */ = {isa = PBXFileReference; lastKnownFileType = image.png; name = Icon.png; path = ../Icon.png; sourceTree = "<group>"; };
		AC51AF0B17CCF86500176627 /* Icon@2x.png */ = {isa = PBXFileReference; lastKnownFileType = image.png; name = "Icon@2x.png"; path = "../Icon@2x.png"; sourceTree = "<group>"; };
		AC51AF0C17CCF86500176627 /* iTunesArtwork.png */ = {isa = PBXFileReference; lastKnownFileType = image.png; path = iTunesArtwork.png; sourceTree = "<group>"; };
		AC51AF0D17CCF86500176627 /* iTunesArtwork@2x.png */ = {isa = PBXFileReference; lastKnownFileType = image.png; path = "iTunesArtwork@2x.png"; sourceTree = "<group>"; };
		AC7EE78217CE3EC600CFC298 /* TutorialViewController.h */ = {isa = PBXFileReference; fileEncoding = 4; lastKnownFileType = sourcecode.c.h; path = TutorialViewController.h; sourceTree = "<group>"; };
		AC7EE78317CE3EC600CFC298 /* TutorialViewController.m */ = {isa = PBXFileReference; fileEncoding = 4; lastKnownFileType = sourcecode.c.objc; path = TutorialViewController.m; sourceTree = "<group>"; };
		AC7EE78417CE3EC600CFC298 /* TutorialViewController.xib */ = {isa = PBXFileReference; fileEncoding = 4; lastKnownFileType = file.xib; path = TutorialViewController.xib; sourceTree = "<group>"; };
/* End PBXFileReference section */

/* Begin PBXFrameworksBuildPhase section */
		669C6A2C1392753A1686CF18 /* Frameworks */ = {
			isa = PBXFrameworksBuildPhase;
			buildActionMask = 2147483647;
			files = (
				AC46F4D917C8982100988C9E /* libz.dylib in Frameworks */,
				669C6E15F70BF6AD6EFD599F /* UIKit.framework in Frameworks */,
				669C67F03581D54B16A4F583 /* Foundation.framework in Frameworks */,
				669C6B436D39320CD90E1A5B /* CoreGraphics.framework in Frameworks */,
				AC46F4D517C8939B00988C9E /* libTestFlight.a in Frameworks */,
			);
			runOnlyForDeploymentPostprocessing = 0;
		};
/* End PBXFrameworksBuildPhase section */

/* Begin PBXGroup section */
		669C6259E0AA1C4781140998 /* Fields */ = {
			isa = PBXGroup;
			children = (
				669C6993CB4C3E743C9CB159 /* FKFields.h */,
				669C673E8AF4FCC1482EAB97 /* FKTextField.h */,
				669C65067FAB4828A33B340D /* FKTextField.m */,
				669C6F46D50300A104A49F1E /* FKBadgeField.h */,
				669C688BD1D9FF8D98E1FFEB /* FKBadgeField.m */,
				669C66E963A28C6353BF60D3 /* FKFloatField.h */,
				669C63D8DF0999683B7A1394 /* FKFloatField.m */,
				669C6C66D6A486D383C62A1C /* FKImageField.h */,
				669C6176DD87EF6DCF9C1158 /* FKImageField.m */,
				669C6237A6003D12B13F28AF /* FKLabelField.h */,
				669C6663D11B8718757A5EDC /* FKLabelField.m */,
				669C6327CC28224CA8755578 /* FKButtonField.h */,
				669C681AA6C30574708A74D3 /* FKButtonField.m */,
				669C6F31C613DB7A2A51B547 /* FKSimpleField.h */,
				669C625EB838AED9964883DF /* FKSimpleField.m */,
				669C63B33A915D1D3FFD5FC8 /* FKSliderField.h */,
				669C614DDB88C00A7FE4900E /* FKSliderField.m */,
				669C62D829E31C051D64AA9B /* FKSwitchField.h */,
				669C65D7D5CD131C674646AE /* FKSwitchField.m */,
				669C6223F847B91435FE7A20 /* FKFieldsBlocks.h */,
				669C67D8AD14CDD90BB4B7BF /* FKIntegerField.h */,
				669C60F363EFD9CF672FFAE8 /* FKIntegerField.m */,
				669C639951A09B47508C6598 /* FKTextViewField.h */,
				669C6C490DD107929D13E4C1 /* FKTextViewField.m */,
				669C6F4D872EFC2131FD816B /* FKValueViewField.h */,
				669C6664FFC221D286D47706 /* FKValueViewField.m */,
				669C6C98647974BA9EE8BB08 /* FKSaveButtonField.h */,
				669C6502875463B5209F4845 /* FKSaveButtonField.m */,
				669C608698AD18FCDC2F8AD3 /* FKPasswordTextField.h */,
				669C6C0083422D84768F4D9B /* FKPasswordTextField.m */,
				669C63BAAEBB10745B6E3C35 /* FKFieldErrorProtocol.h */,
				669C6818D2EB28347F196091 /* FKDisclosureIndicatorAccessoryField.h */,
				669C693962D2C975D82558C4 /* FKDisclosureIndicatorAccessoryField.m */,
			);
			path = Fields;
			sourceTree = "<group>";
		};
		669C629F106F84C65CFDA627 /* ActionSheetPicker */ = {
			isa = PBXGroup;
			children = (
				669C6A7400892333B142373C /* DistancePickerView.h */,
				669C6397622DC8344C61F416 /* DistancePickerView.m */,
				669C602105CFDE1C46A11492 /* ActionSheetDatePicker.h */,
				669C60E81C95F92859829012 /* ActionSheetDatePicker.m */,
				669C652AD24612E9CE0C6E2C /* ActionSheetCustomPicker.h */,
				669C63FB72D1A1E9401C4AC1 /* ActionSheetCustomPicker.m */,
				669C64B1D8CD7CFAFC974636 /* ActionSheetStringPicker.h */,
				669C6C88E1713202FB027AC6 /* ActionSheetStringPicker.m */,
				669C6B21B3B2704F02D14145 /* AbstractActionSheetPicker.h */,
				669C63375056143BB67D0EA9 /* AbstractActionSheetPicker.m */,
				669C625856E889159E72D6AF /* ActionSheetDistancePicker.h */,
				669C6D6F515E1CA9F377292E /* ActionSheetDistancePicker.m */,
				669C69E38AFD1867AE326A2B /* ActionSheetCustomPickerDelegate.h */,
			);
			path = ActionSheetPicker;
			sourceTree = "<group>";
		};
		669C62E52AA656DAD4FA70DC /* Supporting Files */ = {
			isa = PBXGroup;
			children = (
				AC51AF0417CCF86500176627 /* Icon-72.png */,
				AC51AF0517CCF86500176627 /* Icon-72@2x.png */,
				AC51AF0617CCF86500176627 /* Icon-Small-50.png */,
				AC51AF0717CCF86500176627 /* Icon-Small-50@2x.png */,
				AC51AF0817CCF86500176627 /* Icon-Small.png */,
				AC51AF0917CCF86500176627 /* Icon-Small@2x.png */,
				AC51AF0A17CCF86500176627 /* Icon.png */,
				AC51AF0B17CCF86500176627 /* Icon@2x.png */,
				669C6A0A91227AE27477CF4C /* Plank-Info.plist */,
				669C61EC6454A1185E7B5588 /* InfoPlist.strings */,
				669C6F7BB1CCCA11A880D48E /* main.m */,
				669C6EC9A28D4AF791946710 /* Plank-Prefix.pch */,
				669C6BC47F84B450D2365B57 /* Default.png */,
				669C6A48F52F929EE0330814 /* Default@2x.png */,
				669C6446C4510C70206A53ED /* Default-568h@2x.png */,
				669C67CFFB535FF875880DD7 /* first@2x.png */,
				669C6D401A7CBAFE8EC48EE4 /* first.png */,
				669C68F3D052C52B82EB5154 /* second@2x.png */,
				669C6BEFA3796F926DAD47B6 /* second.png */,
			);
			name = "Supporting Files";
			sourceTree = "<group>";
		};
		669C633452F4266E9C59932B /* Model */ = {
			isa = PBXGroup;
			children = (
				669C658EAADC7BA49DF6E63A /* History.h */,
				669C62D6E02EDE2510D6B2C3 /* History.m */,
				669C6AF40CC6B3DC6AFE464C /* HistoryList.h */,
				669C680067347C26E9F149AB /* HistoryList.m */,
				669C6291CE1E4C5050AD226C /* Setting.m */,
				669C60DEC238A76156FBD428 /* Setting.h */,
			);
			name = Model;
			sourceTree = "<group>";
		};
		669C64D80AC4E086A22A2D11 /* Plank */ = {
			isa = PBXGroup;
			children = (
				669C62E52AA656DAD4FA70DC /* Supporting Files */,
				669C65DF443CD9F0E9A22750 /* AppDelegate.h */,
				669C67218ED9C68454704265 /* AppDelegate.m */,
				669C6A005849890E3BE4B624 /* MainViewController.m */,
				669C6DDF724E38D9898B5F81 /* MainViewController.h */,
				669C69B345671C95F9BC09EB /* HistoryViewController.m */,
				669C6C6467C59DAAA7566946 /* HistoryViewController.h */,
				669C679917EA8BAE072ED7D0 /* TimerViewController.m */,
				669C62358B56FC3976CEA9EA /* TimerViewController.h */,
				669C6223366E799D6317C5B4 /* TimerView.xib */,
				669C6197EA446B6CC62A61D2 /* Utils.m */,
				669C6E111315E236961A1FC8 /* Utils.h */,
				669C633452F4266E9C59932B /* Model */,
				669C6D123F961CE86293BC4A /* SettingViewController.m */,
				669C61E8337D5E2A5DC60033 /* SettingViewController.h */,
				669C6F58B72F50DB7904AA13 /* FormKit */,
				669C629F106F84C65CFDA627 /* ActionSheetPicker */,
				669C67B8CA8D1E6B07304BF3 /* BWLongTextViewController */,
				669C66BF53FA26E52C5CC0A2 /* BWSelectViewController */,
				AC7EE78217CE3EC600CFC298 /* TutorialViewController.h */,
				AC7EE78317CE3EC600CFC298 /* TutorialViewController.m */,
				AC7EE78417CE3EC600CFC298 /* TutorialViewController.xib */,
			);
			path = Plank;
			sourceTree = "<group>";
		};
		669C654A2B7AF50C4FDFCD21 /* Products */ = {
			isa = PBXGroup;
			children = (
				669C6AB494AE04E0FBA56696 /* Plank.app */,
			);
			name = Products;
			sourceTree = "<group>";
		};
		669C66BF53FA26E52C5CC0A2 /* BWSelectViewController */ = {
			isa = PBXGroup;
			children = (
				669C63CF272C11B3AF183523 /* BWSelectViewController.h */,
				669C61A81A322B90FBD57239 /* BWSelectViewController.m */,
			);
			path = BWSelectViewController;
			sourceTree = "<group>";
		};
		669C67B8CA8D1E6B07304BF3 /* BWLongTextViewController */ = {
			isa = PBXGroup;
			children = (
				669C6FC4AEF4CFB525737F3D /* BWLongTextViewController.h */,
				669C6E16C7C75A4B2D4099D5 /* BWLongTextViewController.m */,
			);
			path = BWLongTextViewController;
			sourceTree = "<group>";
		};
		669C683AA28E66FAC19625D0 = {
			isa = PBXGroup;
			children = (
				AC51AF0C17CCF86500176627 /* iTunesArtwork.png */,
				AC51AF0D17CCF86500176627 /* iTunesArtwork@2x.png */,
				AC46F4D817C8982100988C9E /* libz.dylib */,
				AC46F4CE17C8939B00988C9E /* TestFlightSDK2.0.0 */,
				669C654A2B7AF50C4FDFCD21 /* Products */,
				669C6C9F6311837A7A77E784 /* Frameworks */,
				669C64D80AC4E086A22A2D11 /* Plank */,
			);
			sourceTree = "<group>";
		};
		669C6C9F6311837A7A77E784 /* Frameworks */ = {
			isa = PBXGroup;
			children = (
				669C6F06839B1EF2817D6337 /* UIKit.framework */,
				669C65208C240A7B6D880517 /* Foundation.framework */,
				669C61605667738527AC32C1 /* CoreGraphics.framework */,
			);
			name = Frameworks;
			sourceTree = "<group>";
		};
		669C6F58B72F50DB7904AA13 /* FormKit */ = {
			isa = PBXGroup;
			children = (
				669C6259E0AA1C4781140998 /* Fields */,
				669C641A8457DA8C85F0E9DD /* FormKit.h */,
				669C6D7C17E09DE47DFB62E6 /* FKBlocks.h */,
				669C631D92FDE3B69D018C00 /* FKFormModel.h */,
				669C6BFE9C4F42540B0F89D6 /* FKFormModel.m */,
				669C6289C63BB91FDB6D93CB /* FKFormMapper.h */,
				669C6A45903A6E7D30B86014 /* FKFormMapper.m */,
				669C6AC647D8732BD99A67E1 /* FKFormMapping.h */,
				669C6AB7359B88BC7AAF7B04 /* FKFormMapping.m */,
				669C65DB709DD86EF61C2341 /* UIView+FormKit.h */,
				669C67F8D8211C4B8C73C484 /* UIView+FormKit.m */,
				669C69949FF90810ED6A84BC /* FKSectionObject.h */,
				669C6F786CD8F820F9D34E69 /* FKSectionObject.m */,
				669C6E97BAE7FA4A40C42308 /* FKMacrosDefinitions.h */,
				669C6FCFC6E4A67FBE4B6919 /* FKFormAttributeMapping.h */,
				669C6F7E4F1A1DC77B135673 /* FKFormAttributeMapping.m */,
				669C69CBEB3B688AB737AF4D /* UITableViewCell+FormKit.h */,
				669C61CB901CD5FC841C0D82 /* UITableViewCell+FormKit.m */,
				669C696AF60D676F58176167 /* FKFormAttributeValidation.h */,
				669C6ED4476F12B29DA36AE6 /* FKFormAttributeValidation.m */,
				669C61BD4060DC3BBB54D41E /* NSObject+FKFormAttributeMapping.h */,
				669C6CA18A00327342292896 /* NSObject+FKFormAttributeMapping.m */,
			);
			path = FormKit;
			sourceTree = "<group>";
		};
		AC46F4CE17C8939B00988C9E /* TestFlightSDK2.0.0 */ = {
			isa = PBXGroup;
			children = (
				AC46F4CF17C8939B00988C9E /* libTestFlight.a */,
				AC46F4D017C8939B00988C9E /* README.md */,
				AC46F4D117C8939B00988C9E /* release_notes.md */,
				AC46F4D217C8939B00988C9E /* TestFlight+AsyncLogging.h */,
				AC46F4D317C8939B00988C9E /* TestFlight+ManualSessions.h */,
				AC46F4D417C8939B00988C9E /* TestFlight.h */,
			);
			path = TestFlightSDK2.0.0;
			sourceTree = "<group>";
		};
/* End PBXGroup section */

/* Begin PBXNativeTarget section */
		669C6D38534ECC05CE99AE5D /* Plank */ = {
			isa = PBXNativeTarget;
			buildConfigurationList = 669C6FB8C563DD035516537F /* Build configuration list for PBXNativeTarget "Plank" */;
			buildPhases = (
				669C6F8750D473EA7A3E11B1 /* Sources */,
				669C6A2C1392753A1686CF18 /* Frameworks */,
				669C6CAECEECC10EDD656F21 /* Resources */,
			);
			buildRules = (
			);
			dependencies = (
			);
			name = Plank;
			productName = Plank;
			productReference = 669C6AB494AE04E0FBA56696 /* Plank.app */;
			productType = "com.apple.product-type.application";
		};
/* End PBXNativeTarget section */

/* Begin PBXProject section */
		669C65A8972E3797BBE34140 /* Project object */ = {
			isa = PBXProject;
			attributes = {
				ORGANIZATIONNAME = "___FULLUSERNAME___";
			};
			buildConfigurationList = 669C68D2CA8D76B68531AEF1 /* Build configuration list for PBXProject "Plank" */;
			compatibilityVersion = "Xcode 3.2";
			developmentRegion = English;
			hasScannedForEncodings = 0;
			knownRegions = (
				en,
			);
			mainGroup = 669C683AA28E66FAC19625D0;
			productRefGroup = 669C654A2B7AF50C4FDFCD21 /* Products */;
			projectDirPath = "";
			projectRoot = "";
			targets = (
				669C6D38534ECC05CE99AE5D /* Plank */,
			);
		};
/* End PBXProject section */

/* Begin PBXResourcesBuildPhase section */
		669C6CAECEECC10EDD656F21 /* Resources */ = {
			isa = PBXResourcesBuildPhase;
			buildActionMask = 2147483647;
			files = (
				669C69269963ED7F50F35092 /* InfoPlist.strings in Resources */,
				669C641C3638DE13A56E51A8 /* Default.png in Resources */,
				669C6B18FD908078DA8A0C92 /* Default@2x.png in Resources */,
				669C6991CDFAD2868EDE27E4 /* Default-568h@2x.png in Resources */,
				669C651F2E664DDF0A779994 /* first@2x.png in Resources */,
				669C67FFB0F62839BBB7AFC5 /* first.png in Resources */,
				669C62B32394DE7C06F4902A /* second@2x.png in Resources */,
				669C6E05A023E0CFC5CF3002 /* second.png in Resources */,
				669C6EB6895D9620098FCFEF /* TimerView.xib in Resources */,
				AC46F4D617C8939B00988C9E /* README.md in Resources */,
				AC46F4D717C8939B00988C9E /* release_notes.md in Resources */,
				AC51AF0E17CCF86500176627 /* Icon-72.png in Resources */,
				AC51AF0F17CCF86500176627 /* Icon-72@2x.png in Resources */,
				AC51AF1017CCF86500176627 /* Icon-Small-50.png in Resources */,
				AC51AF1117CCF86500176627 /* Icon-Small-50@2x.png in Resources */,
				AC51AF1217CCF86500176627 /* Icon-Small.png in Resources */,
				AC51AF1317CCF86500176627 /* Icon-Small@2x.png in Resources */,
				AC51AF1417CCF86500176627 /* Icon.png in Resources */,
				AC51AF1517CCF86500176627 /* Icon@2x.png in Resources */,
				AC51AF1617CCF86500176627 /* iTunesArtwork.png in Resources */,
				AC51AF1717CCF86500176627 /* iTunesArtwork@2x.png in Resources */,
				AC7EE78617CE3EC600CFC298 /* TutorialViewController.xib in Resources */,
			);
			runOnlyForDeploymentPostprocessing = 0;
		};
/* End PBXResourcesBuildPhase section */

/* Begin PBXSourcesBuildPhase section */
		669C6F8750D473EA7A3E11B1 /* Sources */ = {
			isa = PBXSourcesBuildPhase;
			buildActionMask = 2147483647;
			files = (
				669C63FBD2A89272FEB6A624 /* main.m in Sources */,
				669C644BEF44268DBD70FF24 /* AppDelegate.m in Sources */,
				669C6D5297CC98E99AF9A758 /* MainViewController.m in Sources */,
				669C6CDD3D168BB6C1FC4E92 /* HistoryViewController.m in Sources */,
				669C6A9135AB4278EC35143F /* TimerViewController.m in Sources */,
				669C6185D1C14D882A55528D /* Utils.m in Sources */,
				669C60A544B97987D4F34D30 /* History.m in Sources */,
				669C69FF5E827B3E87D23DE0 /* HistoryList.m in Sources */,
				669C65CDD98C5BF761FCE643 /* Setting.m in Sources */,
				669C64B17FAF52CF59444BDA /* SettingViewController.m in Sources */,
				669C652179F5965381EE5614 /* FKTextField.m in Sources */,
				669C6D6DAE0DA2A05769DE45 /* FKBadgeField.m in Sources */,
				669C62816E63367E9163F601 /* FKFloatField.m in Sources */,
				669C6E19C1E55B540C6BD789 /* FKImageField.m in Sources */,
				669C63026693FB0B828A7AF6 /* FKLabelField.m in Sources */,
				669C67289DA075A6F7DEB4D8 /* FKButtonField.m in Sources */,
				669C6D3C3D643EA7111A8A0C /* FKSimpleField.m in Sources */,
				669C6E77EE9E2254E030D714 /* FKSliderField.m in Sources */,
				669C670891CC685671B0FF8A /* FKSwitchField.m in Sources */,
				669C691A67A0AE5B55878DA6 /* FKIntegerField.m in Sources */,
				669C6DA1A487D68F30166D56 /* FKTextViewField.m in Sources */,
				669C68F348B8610DC5798E74 /* FKValueViewField.m in Sources */,
				669C6BE55A8BAB309C798209 /* FKSaveButtonField.m in Sources */,
				669C6ADE4F3A4182C787B13D /* FKPasswordTextField.m in Sources */,
				669C6383322B2C39D950C95C /* FKDisclosureIndicatorAccessoryField.m in Sources */,
				669C637F277AE650A9731DDE /* FKFormModel.m in Sources */,
				669C6878B0C56717453EB067 /* FKFormMapper.m in Sources */,
				669C6903021754F1A4AD8589 /* FKFormMapping.m in Sources */,
				669C6CFD0A49280FA83E9CE9 /* UIView+FormKit.m in Sources */,
				669C6C59F22BDDF1A63DB91D /* FKSectionObject.m in Sources */,
				669C69BCADAED13141FE512A /* FKFormAttributeMapping.m in Sources */,
				669C690143D32E3D8732A3AB /* UITableViewCell+FormKit.m in Sources */,
				669C69CFD4953CE3AA1DBF61 /* FKFormAttributeValidation.m in Sources */,
				669C6008882F3F617F0CF5C4 /* NSObject+FKFormAttributeMapping.m in Sources */,
				669C6AC85E4FB227CA8AB4F1 /* DistancePickerView.m in Sources */,
				669C6F8C102DBE420A73904D /* ActionSheetDatePicker.m in Sources */,
				669C6A833D463BD32D569D61 /* ActionSheetCustomPicker.m in Sources */,
				669C6AA67111A14C0AE57B30 /* ActionSheetStringPicker.m in Sources */,
				669C6E8841F142B14D86A1A6 /* AbstractActionSheetPicker.m in Sources */,
				669C68BFD8B1DC4DE0B17F1E /* ActionSheetDistancePicker.m in Sources */,
				669C66A2CA5AEF13334BB999 /* BWLongTextViewController.m in Sources */,
				669C62253CE69903F2920323 /* BWSelectViewController.m in Sources */,
				AC7EE78517CE3EC600CFC298 /* TutorialViewController.m in Sources */,
			);
			runOnlyForDeploymentPostprocessing = 0;
		};
/* End PBXSourcesBuildPhase section */

/* Begin PBXVariantGroup section */
		669C61EC6454A1185E7B5588 /* InfoPlist.strings */ = {
			isa = PBXVariantGroup;
			children = (
				669C6FD284D3B0BD80D3F217 /* en */,
			);
			name = InfoPlist.strings;
			sourceTree = "<group>";
		};
/* End PBXVariantGroup section */

/* Begin XCBuildConfiguration section */
		669C616FAF9BFB64F0856112 /* Release */ = {
			isa = XCBuildConfiguration;
			buildSettings = {
				ALWAYS_SEARCH_USER_PATHS = NO;
				CLANG_CXX_LANGUAGE_STANDARD = "gnu++0x";
				CLANG_CXX_LIBRARY = "libc++";
				CLANG_ENABLE_OBJC_ARC = YES;
				CLANG_WARN_CONSTANT_CONVERSION = YES;
				CLANG_WARN_EMPTY_BODY = YES;
				CLANG_WARN_ENUM_CONVERSION = YES;
				CLANG_WARN_INT_CONVERSION = YES;
				CLANG_WARN__DUPLICATE_METHOD_MATCH = YES;
				"CODE_SIGN_IDENTITY[sdk=iphoneos*]" = "iPhone Developer";
				COPY_PHASE_STRIP = YES;
				GCC_C_LANGUAGE_STANDARD = gnu99;
				GCC_WARN_ABOUT_RETURN_TYPE = YES;
				GCC_WARN_UNINITIALIZED_AUTOS = YES;
				GCC_WARN_UNUSED_VARIABLE = YES;
				IPHONEOS_DEPLOYMENT_TARGET = 6.1;
				OTHER_CFLAGS = "-DNS_BLOCK_ASSERTIONS=1";
				SDKROOT = iphoneos;
				VALIDATE_PRODUCT = YES;
			};
			name = Release;
		};
		669C6388ED48EAF0769A10CF /* Release */ = {
			isa = XCBuildConfiguration;
			buildSettings = {
				CODE_SIGN_IDENTITY = "iPhone Distribution";
				"CODE_SIGN_IDENTITY[sdk=iphoneos*]" = "iPhone Distribution";
				GCC_PRECOMPILE_PREFIX_HEADER = YES;
				GCC_PREFIX_HEADER = "Plank/Plank-Prefix.pch";
				INFOPLIST_FILE = "Plank/Plank-Info.plist";
				IPHONEOS_DEPLOYMENT_TARGET = 5.0;
				LIBRARY_SEARCH_PATHS = (
					"$(inherited)",
					"\"$(SRCROOT)/TestFlightSDK2.0.0\"",
				);
				PRODUCT_NAME = "$(TARGET_NAME)";
				PROVISIONING_PROFILE = "";
				"PROVISIONING_PROFILE[sdk=iphoneos*]" = "";
				WRAPPER_EXTENSION = app;
			};
			name = Release;
		};
		669C643E7C1411A46BA15303 /* Debug */ = {
			isa = XCBuildConfiguration;
			buildSettings = {
				ALWAYS_SEARCH_USER_PATHS = NO;
				CLANG_CXX_LANGUAGE_STANDARD = "gnu++0x";
				CLANG_CXX_LIBRARY = "libc++";
				CLANG_ENABLE_OBJC_ARC = YES;
				CLANG_WARN_CONSTANT_CONVERSION = YES;
				CLANG_WARN_EMPTY_BODY = YES;
				CLANG_WARN_ENUM_CONVERSION = YES;
				CLANG_WARN_INT_CONVERSION = YES;
				CLANG_WARN__DUPLICATE_METHOD_MATCH = YES;
				"CODE_SIGN_IDENTITY[sdk=iphoneos*]" = "iPhone Developer";
				COPY_PHASE_STRIP = NO;
				GCC_C_LANGUAGE_STANDARD = gnu99;
				GCC_DYNAMIC_NO_PIC = NO;
				GCC_OPTIMIZATION_LEVEL = 0;
				GCC_PREPROCESSOR_DEFINITIONS = (
					"DEBUG=1",
					"$(inherited)",
				);
				GCC_SYMBOLS_PRIVATE_EXTERN = NO;
				GCC_WARN_ABOUT_RETURN_TYPE = YES;
				GCC_WARN_UNINITIALIZED_AUTOS = YES;
				GCC_WARN_UNUSED_VARIABLE = YES;
				IPHONEOS_DEPLOYMENT_TARGET = 6.1;
				ONLY_ACTIVE_ARCH = YES;
				SDKROOT = iphoneos;
			};
			name = Debug;
		};
		669C6C4997A17F15D78B4019 /* Debug */ = {
			isa = XCBuildConfiguration;
			buildSettings = {
				GCC_PRECOMPILE_PREFIX_HEADER = YES;
				GCC_PREFIX_HEADER = "Plank/Plank-Prefix.pch";
				INFOPLIST_FILE = "Plank/Plank-Info.plist";
				IPHONEOS_DEPLOYMENT_TARGET = 5.0;
				LIBRARY_SEARCH_PATHS = (
					"$(inherited)",
					"\"$(SRCROOT)/TestFlightSDK2.0.0\"",
				);
				PRODUCT_NAME = "$(TARGET_NAME)";
				WRAPPER_EXTENSION = app;
			};
			name = Debug;
		};
/* End XCBuildConfiguration section */

/* Begin XCConfigurationList section */
		669C68D2CA8D76B68531AEF1 /* Build configuration list for PBXProject "Plank" */ = {
			isa = XCConfigurationList;
			buildConfigurations = (
				669C616FAF9BFB64F0856112 /* Release */,
				669C643E7C1411A46BA15303 /* Debug */,
			);
			defaultConfigurationIsVisible = 0;
			defaultConfigurationName = Release;
		};
		669C6FB8C563DD035516537F /* Build configuration list for PBXNativeTarget "Plank" */ = {
			isa = XCConfigurationList;
			buildConfigurations = (
				669C6388ED48EAF0769A10CF /* Release */,
				669C6C4997A17F15D78B4019 /* Debug */,
			);
			defaultConfigurationIsVisible = 0;
			defaultConfigurationName = Release;
		};
/* End XCConfigurationList section */
	};
	rootObject = 669C65A8972E3797BBE34140 /* Project object */;
}
