// !$*UTF8*$!
{
	archiveVersion = 1;
	classes = {
	};
	objectVersion = 46;
	objects = {

/* Begin PBXBuildFile section */
		669C60A544B97987D4F34D30 /* History.m in Sources */ = {isa = PBXBuildFile; fileRef = 669C62D6E02EDE2510D6B2C3 /* History.m */; };
		669C6185D1C14D882A55528D /* Utils.m in Sources */ = {isa = PBXBuildFile; fileRef = 669C6197EA446B6CC62A61D2 /* Utils.m */; };
		669C62B32394DE7C06F4902A /* second@2x.png in Resources */ = {isa = PBXBuildFile; fileRef = 669C68F3D052C52B82EB5154 /* second@2x.png */; };
		669C63FBD2A89272FEB6A624 /* main.m in Sources */ = {isa = PBXBuildFile; fileRef = 669C6F7BB1CCCA11A880D48E /* main.m */; };
		669C641C3638DE13A56E51A8 /* Default.png in Resources */ = {isa = PBXBuildFile; fileRef = 669C6BC47F84B450D2365B57 /* Default.png */; };
		669C644BEF44268DBD70FF24 /* AppDelegate.m in Sources */ = {isa = PBXBuildFile; fileRef = 669C67218ED9C68454704265 /* AppDelegate.m */; };
		669C64B17FAF52CF59444BDA /* SettingViewController.m in Sources */ = {isa = PBXBuildFile; fileRef = 669C6D123F961CE86293BC4A /* SettingViewController.m */; };
		669C651F2E664DDF0A779994 /* first@2x.png in Resources */ = {isa = PBXBuildFile; fileRef = 669C67CFFB535FF875880DD7 /* first@2x.png */; };
		669C65CDD98C5BF761FCE643 /* Setting.m in Sources */ = {isa = PBXBuildFile; fileRef = 669C6291CE1E4C5050AD226C /* Setting.m */; };
		669C67F03581D54B16A4F583 /* Foundation.framework in Frameworks */ = {isa = PBXBuildFile; fileRef = 669C65208C240A7B6D880517 /* Foundation.framework */; };
		669C67FFB0F62839BBB7AFC5 /* first.png in Resources */ = {isa = PBXBuildFile; fileRef = 669C6D401A7CBAFE8EC48EE4 /* first.png */; };
		669C69269963ED7F50F35092 /* InfoPlist.strings in Resources */ = {isa = PBXBuildFile; fileRef = 669C61EC6454A1185E7B5588 /* InfoPlist.strings */; };
		669C6991CDFAD2868EDE27E4 /* Default-568h@2x.png in Resources */ = {isa = PBXBuildFile; fileRef = 669C6446C4510C70206A53ED /* Default-568h@2x.png */; };
		669C69FF5E827B3E87D23DE0 /* HistoryList.m in Sources */ = {isa = PBXBuildFile; fileRef = 669C680067347C26E9F149AB /* HistoryList.m */; };
		669C6A9135AB4278EC35143F /* TimerViewController.m in Sources */ = {isa = PBXBuildFile; fileRef = 669C679917EA8BAE072ED7D0 /* TimerViewController.m */; };
		669C6B18FD908078DA8A0C92 /* Default@2x.png in Resources */ = {isa = PBXBuildFile; fileRef = 669C6A48F52F929EE0330814 /* Default@2x.png */; };
		669C6B436D39320CD90E1A5B /* CoreGraphics.framework in Frameworks */ = {isa = PBXBuildFile; fileRef = 669C61605667738527AC32C1 /* CoreGraphics.framework */; };
		669C6CDD3D168BB6C1FC4E92 /* HistoryViewController.m in Sources */ = {isa = PBXBuildFile; fileRef = 669C69B345671C95F9BC09EB /* HistoryViewController.m */; };
		669C6D5297CC98E99AF9A758 /* MainViewController.m in Sources */ = {isa = PBXBuildFile; fileRef = 669C6A005849890E3BE4B624 /* MainViewController.m */; };
		669C6E05A023E0CFC5CF3002 /* second.png in Resources */ = {isa = PBXBuildFile; fileRef = 669C6BEFA3796F926DAD47B6 /* second.png */; };
		669C6E15F70BF6AD6EFD599F /* UIKit.framework in Frameworks */ = {isa = PBXBuildFile; fileRef = 669C6F06839B1EF2817D6337 /* UIKit.framework */; };
		669C6EB6895D9620098FCFEF /* TimerView.xib in Resources */ = {isa = PBXBuildFile; fileRef = 669C6223366E799D6317C5B4 /* TimerView.xib */; };
		AC2A1E8F17DC873400DB6091 /* AbstractActionSheetPicker.m in Sources */ = {isa = PBXBuildFile; fileRef = AC2A1E8317DC873400DB6091 /* AbstractActionSheetPicker.m */; };
		AC2A1E9117DC873400DB6091 /* ActionSheetDatePicker.m in Sources */ = {isa = PBXBuildFile; fileRef = AC2A1E8817DC873400DB6091 /* ActionSheetDatePicker.m */; };
		AC46F4D517C8939B00988C9E /* libTestFlight.a in Frameworks */ = {isa = PBXBuildFile; fileRef = AC46F4CF17C8939B00988C9E /* libTestFlight.a */; };
		AC46F4D617C8939B00988C9E /* README.md in Resources */ = {isa = PBXBuildFile; fileRef = AC46F4D017C8939B00988C9E /* README.md */; };
		AC46F4D717C8939B00988C9E /* release_notes.md in Resources */ = {isa = PBXBuildFile; fileRef = AC46F4D117C8939B00988C9E /* release_notes.md */; };
		AC46F4D917C8982100988C9E /* libz.dylib in Frameworks */ = {isa = PBXBuildFile; fileRef = AC46F4D817C8982100988C9E /* libz.dylib */; };
		AC51AF0E17CCF86500176627 /* Icon-72.png in Resources */ = {isa = PBXBuildFile; fileRef = AC51AF0417CCF86500176627 /* Icon-72.png */; };
		AC51AF0F17CCF86500176627 /* Icon-72@2x.png in Resources */ = {isa = PBXBuildFile; fileRef = AC51AF0517CCF86500176627 /* Icon-72@2x.png */; };
		AC51AF1017CCF86500176627 /* Icon-Small-50.png in Resources */ = {isa = PBXBuildFile; fileRef = AC51AF0617CCF86500176627 /* Icon-Small-50.png */; };
		AC51AF1117CCF86500176627 /* Icon-Small-50@2x.png in Resources */ = {isa = PBXBuildFile; fileRef = AC51AF0717CCF86500176627 /* Icon-Small-50@2x.png */; };
		AC51AF1217CCF86500176627 /* Icon-Small.png in Resources */ = {isa = PBXBuildFile; fileRef = AC51AF0817CCF86500176627 /* Icon-Small.png */; };
		AC51AF1317CCF86500176627 /* Icon-Small@2x.png in Resources */ = {isa = PBXBuildFile; fileRef = AC51AF0917CCF86500176627 /* Icon-Small@2x.png */; };
		AC51AF1417CCF86500176627 /* Icon.png in Resources */ = {isa = PBXBuildFile; fileRef = AC51AF0A17CCF86500176627 /* Icon.png */; };
		AC51AF1517CCF86500176627 /* Icon@2x.png in Resources */ = {isa = PBXBuildFile; fileRef = AC51AF0B17CCF86500176627 /* Icon@2x.png */; };
		AC51AF1617CCF86500176627 /* iTunesArtwork.png in Resources */ = {isa = PBXBuildFile; fileRef = AC51AF0C17CCF86500176627 /* iTunesArtwork.png */; };
		AC51AF1717CCF86500176627 /* iTunesArtwork@2x.png in Resources */ = {isa = PBXBuildFile; fileRef = AC51AF0D17CCF86500176627 /* iTunesArtwork@2x.png */; };
		AC5831DC17E5679D00FD4F28 /* and.m4a in Resources */ = {isa = PBXBuildFile; fileRef = AC5831B717E5679D00FD4F28 /* and.m4a */; };
		AC5831DD17E5679D00FD4F28 /* 8.m4a in Resources */ = {isa = PBXBuildFile; fileRef = AC5831B817E5679D00FD4F28 /* 8.m4a */; };
		AC5831DE17E5679D00FD4F28 /* 18.m4a in Resources */ = {isa = PBXBuildFile; fileRef = AC5831B917E5679D00FD4F28 /* 18.m4a */; };
		AC5831DF17E5679D00FD4F28 /* 80.m4a in Resources */ = {isa = PBXBuildFile; fileRef = AC5831BA17E5679D00FD4F28 /* 80.m4a */; };
		AC5831E017E5679D00FD4F28 /* 11.m4a in Resources */ = {isa = PBXBuildFile; fileRef = AC5831BB17E5679D00FD4F28 /* 11.m4a */; };
		AC5831E117E5679D00FD4F28 /* 15.m4a in Resources */ = {isa = PBXBuildFile; fileRef = AC5831BC17E5679D00FD4F28 /* 15.m4a */; };
		AC5831E217E5679D00FD4F28 /* 50.m4a in Resources */ = {isa = PBXBuildFile; fileRef = AC5831BD17E5679D00FD4F28 /* 50.m4a */; };
		AC5831E317E5679D00FD4F28 /* 5.m4a in Resources */ = {isa = PBXBuildFile; fileRef = AC5831BE17E5679D00FD4F28 /* 5.m4a */; };
		AC5831E417E5679D00FD4F28 /* 40.m4a in Resources */ = {isa = PBXBuildFile; fileRef = AC5831BF17E5679D00FD4F28 /* 40.m4a */; };
		AC5831E517E5679D00FD4F28 /* 4.m4a in Resources */ = {isa = PBXBuildFile; fileRef = AC5831C017E5679D00FD4F28 /* 4.m4a */; };
		AC5831E617E5679D00FD4F28 /* 14.m4a in Resources */ = {isa = PBXBuildFile; fileRef = AC5831C117E5679D00FD4F28 /* 14.m4a */; };
		AC5831E717E5679D00FD4F28 /* hour.m4a in Resources */ = {isa = PBXBuildFile; fileRef = AC5831C217E5679D00FD4F28 /* hour.m4a */; };
		AC5831E817E5679D00FD4F28 /* hours.m4a in Resources */ = {isa = PBXBuildFile; fileRef = AC5831C317E5679D00FD4F28 /* hours.m4a */; };
		AC5831EB17E5679D00FD4F28 /* minute.m4a in Resources */ = {isa = PBXBuildFile; fileRef = AC5831C617E5679D00FD4F28 /* minute.m4a */; };
		AC5831EC17E5679D00FD4F28 /* minutes.m4a in Resources */ = {isa = PBXBuildFile; fileRef = AC5831C717E5679D00FD4F28 /* minutes.m4a */; };
		AC5831ED17E5679D00FD4F28 /* 9.m4a in Resources */ = {isa = PBXBuildFile; fileRef = AC5831C817E5679D00FD4F28 /* 9.m4a */; };
		AC5831EE17E5679D00FD4F28 /* 19.m4a in Resources */ = {isa = PBXBuildFile; fileRef = AC5831C917E5679D00FD4F28 /* 19.m4a */; };
		AC5831EF17E5679D00FD4F28 /* 90.m4a in Resources */ = {isa = PBXBuildFile; fileRef = AC5831CA17E5679D00FD4F28 /* 90.m4a */; };
		AC5831F017E5679D00FD4F28 /* 1.m4a in Resources */ = {isa = PBXBuildFile; fileRef = AC5831CB17E5679D00FD4F28 /* 1.m4a */; };
		AC5831F117E5679D00FD4F28 /* second.m4a in Resources */ = {isa = PBXBuildFile; fileRef = AC5831CC17E5679D00FD4F28 /* second.m4a */; };
		AC5831F217E5679D00FD4F28 /* seconds.m4a in Resources */ = {isa = PBXBuildFile; fileRef = AC5831CD17E5679D00FD4F28 /* seconds.m4a */; };
		AC5831F317E5679D00FD4F28 /* 7.m4a in Resources */ = {isa = PBXBuildFile; fileRef = AC5831CE17E5679D00FD4F28 /* 7.m4a */; };
		AC5831F417E5679D00FD4F28 /* 17.m4a in Resources */ = {isa = PBXBuildFile; fileRef = AC5831CF17E5679D00FD4F28 /* 17.m4a */; };
		AC5831F517E5679D00FD4F28 /* 70.m4a in Resources */ = {isa = PBXBuildFile; fileRef = AC5831D017E5679D00FD4F28 /* 70.m4a */; };
		AC5831F617E5679D00FD4F28 /* 6.m4a in Resources */ = {isa = PBXBuildFile; fileRef = AC5831D117E5679D00FD4F28 /* 6.m4a */; };
		AC5831F717E5679D00FD4F28 /* 16.m4a in Resources */ = {isa = PBXBuildFile; fileRef = AC5831D217E5679D00FD4F28 /* 16.m4a */; };
		AC5831F817E5679D00FD4F28 /* 60.m4a in Resources */ = {isa = PBXBuildFile; fileRef = AC5831D317E5679D00FD4F28 /* 60.m4a */; };
		AC5831F917E5679D00FD4F28 /* 10.m4a in Resources */ = {isa = PBXBuildFile; fileRef = AC5831D417E5679D00FD4F28 /* 10.m4a */; };
		AC5831FA17E5679D00FD4F28 /* 13.m4a in Resources */ = {isa = PBXBuildFile; fileRef = AC5831D517E5679D00FD4F28 /* 13.m4a */; };
		AC5831FB17E5679D00FD4F28 /* 30.m4a in Resources */ = {isa = PBXBuildFile; fileRef = AC5831D617E5679D00FD4F28 /* 30.m4a */; };
		AC5831FC17E5679D00FD4F28 /* 3.m4a in Resources */ = {isa = PBXBuildFile; fileRef = AC5831D717E5679D00FD4F28 /* 3.m4a */; };
		AC5831FD17E5679D00FD4F28 /* to your record.m4a in Resources */ = {isa = PBXBuildFile; fileRef = AC5831D817E5679D00FD4F28 /* to your record.m4a */; };
		AC5831FE17E5679D00FD4F28 /* 12.m4a in Resources */ = {isa = PBXBuildFile; fileRef = AC5831D917E5679D00FD4F28 /* 12.m4a */; };
		AC5831FF17E5679D00FD4F28 /* 20.m4a in Resources */ = {isa = PBXBuildFile; fileRef = AC5831DA17E5679D00FD4F28 /* 20.m4a */; };
		AC58320017E5679D00FD4F28 /* 2.m4a in Resources */ = {isa = PBXBuildFile; fileRef = AC5831DB17E5679D00FD4F28 /* 2.m4a */; };
		AC58320317E5681900FD4F28 /* VoicePlayer.m in Sources */ = {isa = PBXBuildFile; fileRef = AC58320217E5681900FD4F28 /* VoicePlayer.m */; };
		AC58320517E581E800FD4F28 /* AVFoundation.framework in Frameworks */ = {isa = PBXBuildFile; fileRef = AC58320417E581E800FD4F28 /* AVFoundation.framework */; };
		AC7B827717CFA3B700C445CC /* plank0.png in Resources */ = {isa = PBXBuildFile; fileRef = AC7B827417CFA3B700C445CC /* plank0.png */; };
		AC7B827817CFA3B700C445CC /* plank1.png in Resources */ = {isa = PBXBuildFile; fileRef = AC7B827517CFA3B700C445CC /* plank1.png */; };
		AC7B827917CFA3B700C445CC /* plank2.png in Resources */ = {isa = PBXBuildFile; fileRef = AC7B827617CFA3B700C445CC /* plank2.png */; };
		AC7EE78517CE3EC600CFC298 /* TutorialViewController.m in Sources */ = {isa = PBXBuildFile; fileRef = AC7EE78317CE3EC600CFC298 /* TutorialViewController.m */; };
		AC7EE78617CE3EC600CFC298 /* TutorialView.xib in Resources */ = {isa = PBXBuildFile; fileRef = AC7EE78417CE3EC600CFC298 /* TutorialView.xib */; };
		AC8DD97E17DB1C80000AEA1A /* Settings.storyboard in Resources */ = {isa = PBXBuildFile; fileRef = AC8DD97D17DB1C80000AEA1A /* Settings.storyboard */; };
/* End PBXBuildFile section */

/* Begin PBXFileReference section */
		669C60DEC238A76156FBD428 /* Setting.h */ = {isa = PBXFileReference; fileEncoding = 4; lastKnownFileType = sourcecode.c.h; path = Setting.h; sourceTree = "<group>"; };
		669C61605667738527AC32C1 /* CoreGraphics.framework */ = {isa = PBXFileReference; lastKnownFileType = wrapper.framework; name = CoreGraphics.framework; path = System/Library/Frameworks/CoreGraphics.framework; sourceTree = SDKROOT; };
		669C6197EA446B6CC62A61D2 /* Utils.m */ = {isa = PBXFileReference; fileEncoding = 4; lastKnownFileType = sourcecode.c.objc; path = Utils.m; sourceTree = "<group>"; };
		669C61E8337D5E2A5DC60033 /* SettingViewController.h */ = {isa = PBXFileReference; fileEncoding = 4; lastKnownFileType = sourcecode.c.h; path = SettingViewController.h; sourceTree = "<group>"; };
		669C6223366E799D6317C5B4 /* TimerView.xib */ = {isa = PBXFileReference; lastKnownFileType = file.xib; path = TimerView.xib; sourceTree = "<group>"; };
		669C62358B56FC3976CEA9EA /* TimerViewController.h */ = {isa = PBXFileReference; fileEncoding = 4; lastKnownFileType = sourcecode.c.h; path = TimerViewController.h; sourceTree = "<group>"; };
		669C6291CE1E4C5050AD226C /* Setting.m */ = {isa = PBXFileReference; fileEncoding = 4; lastKnownFileType = sourcecode.c.objc; path = Setting.m; sourceTree = "<group>"; };
		669C62D6E02EDE2510D6B2C3 /* History.m */ = {isa = PBXFileReference; fileEncoding = 4; lastKnownFileType = sourcecode.c.objc; path = History.m; sourceTree = "<group>"; };
		669C6446C4510C70206A53ED /* Default-568h@2x.png */ = {isa = PBXFileReference; lastKnownFileType = image.png; path = "Default-568h@2x.png"; sourceTree = "<group>"; };
		669C65208C240A7B6D880517 /* Foundation.framework */ = {isa = PBXFileReference; lastKnownFileType = wrapper.framework; name = Foundation.framework; path = System/Library/Frameworks/Foundation.framework; sourceTree = SDKROOT; };
		669C658EAADC7BA49DF6E63A /* History.h */ = {isa = PBXFileReference; fileEncoding = 4; lastKnownFileType = sourcecode.c.h; path = History.h; sourceTree = "<group>"; };
		669C65DF443CD9F0E9A22750 /* AppDelegate.h */ = {isa = PBXFileReference; lastKnownFileType = sourcecode.c.h; path = AppDelegate.h; sourceTree = "<group>"; };
		669C67218ED9C68454704265 /* AppDelegate.m */ = {isa = PBXFileReference; lastKnownFileType = sourcecode.c.objc; path = AppDelegate.m; sourceTree = "<group>"; };
		669C679917EA8BAE072ED7D0 /* TimerViewController.m */ = {isa = PBXFileReference; fileEncoding = 4; lastKnownFileType = sourcecode.c.objc; path = TimerViewController.m; sourceTree = "<group>"; };
		669C67CFFB535FF875880DD7 /* first@2x.png */ = {isa = PBXFileReference; lastKnownFileType = image.png; path = "first@2x.png"; sourceTree = "<group>"; };
		669C680067347C26E9F149AB /* HistoryList.m */ = {isa = PBXFileReference; fileEncoding = 4; lastKnownFileType = sourcecode.c.objc; path = HistoryList.m; sourceTree = "<group>"; };
		669C68F3D052C52B82EB5154 /* second@2x.png */ = {isa = PBXFileReference; lastKnownFileType = image.png; path = "second@2x.png"; sourceTree = "<group>"; };
		669C69B345671C95F9BC09EB /* HistoryViewController.m */ = {isa = PBXFileReference; fileEncoding = 4; lastKnownFileType = sourcecode.c.objc; path = HistoryViewController.m; sourceTree = "<group>"; };
		669C6A005849890E3BE4B624 /* MainViewController.m */ = {isa = PBXFileReference; fileEncoding = 4; lastKnownFileType = sourcecode.c.objc; path = MainViewController.m; sourceTree = "<group>"; };
		669C6A0A91227AE27477CF4C /* Plank-Info.plist */ = {isa = PBXFileReference; lastKnownFileType = text.plist.info; path = "Plank-Info.plist"; sourceTree = "<group>"; };
		669C6A48F52F929EE0330814 /* Default@2x.png */ = {isa = PBXFileReference; lastKnownFileType = image.png; path = "Default@2x.png"; sourceTree = "<group>"; };
		669C6AB494AE04E0FBA56696 /* Plank.app */ = {isa = PBXFileReference; explicitFileType = wrapper.application; includeInIndex = 0; path = Plank.app; sourceTree = BUILT_PRODUCTS_DIR; };
		669C6AF40CC6B3DC6AFE464C /* HistoryList.h */ = {isa = PBXFileReference; fileEncoding = 4; lastKnownFileType = sourcecode.c.h; path = HistoryList.h; sourceTree = "<group>"; };
		669C6BC47F84B450D2365B57 /* Default.png */ = {isa = PBXFileReference; lastKnownFileType = image.png; path = Default.png; sourceTree = "<group>"; };
		669C6BEFA3796F926DAD47B6 /* second.png */ = {isa = PBXFileReference; lastKnownFileType = image.png; path = second.png; sourceTree = "<group>"; };
		669C6C6467C59DAAA7566946 /* HistoryViewController.h */ = {isa = PBXFileReference; fileEncoding = 4; lastKnownFileType = sourcecode.c.h; path = HistoryViewController.h; sourceTree = "<group>"; };
		669C6D123F961CE86293BC4A /* SettingViewController.m */ = {isa = PBXFileReference; fileEncoding = 4; lastKnownFileType = sourcecode.c.objc; path = SettingViewController.m; sourceTree = "<group>"; };
		669C6D401A7CBAFE8EC48EE4 /* first.png */ = {isa = PBXFileReference; lastKnownFileType = image.png; path = first.png; sourceTree = "<group>"; };
		669C6DDF724E38D9898B5F81 /* MainViewController.h */ = {isa = PBXFileReference; fileEncoding = 4; lastKnownFileType = sourcecode.c.h; path = MainViewController.h; sourceTree = "<group>"; };
		669C6E111315E236961A1FC8 /* Utils.h */ = {isa = PBXFileReference; fileEncoding = 4; lastKnownFileType = sourcecode.c.h; path = Utils.h; sourceTree = "<group>"; };
		669C6EC9A28D4AF791946710 /* Plank-Prefix.pch */ = {isa = PBXFileReference; lastKnownFileType = sourcecode.c.h; path = "Plank-Prefix.pch"; sourceTree = "<group>"; };
		669C6F06839B1EF2817D6337 /* UIKit.framework */ = {isa = PBXFileReference; lastKnownFileType = wrapper.framework; name = UIKit.framework; path = System/Library/Frameworks/UIKit.framework; sourceTree = SDKROOT; };
		669C6F7BB1CCCA11A880D48E /* main.m */ = {isa = PBXFileReference; lastKnownFileType = sourcecode.c.objc; path = main.m; sourceTree = "<group>"; };
		669C6FD284D3B0BD80D3F217 /* en */ = {isa = PBXFileReference; lastKnownFileType = text.plist.strings; name = en; path = en.lproj/InfoPlist.strings; sourceTree = "<group>"; };
		AC2A1E8217DC873400DB6091 /* AbstractActionSheetPicker.h */ = {isa = PBXFileReference; fileEncoding = 4; lastKnownFileType = sourcecode.c.h; path = AbstractActionSheetPicker.h; sourceTree = "<group>"; };
		AC2A1E8317DC873400DB6091 /* AbstractActionSheetPicker.m */ = {isa = PBXFileReference; fileEncoding = 4; lastKnownFileType = sourcecode.c.objc; path = AbstractActionSheetPicker.m; sourceTree = "<group>"; };
		AC2A1E8717DC873400DB6091 /* ActionSheetDatePicker.h */ = {isa = PBXFileReference; fileEncoding = 4; lastKnownFileType = sourcecode.c.h; path = ActionSheetDatePicker.h; sourceTree = "<group>"; };
		AC2A1E8817DC873400DB6091 /* ActionSheetDatePicker.m */ = {isa = PBXFileReference; fileEncoding = 4; lastKnownFileType = sourcecode.c.objc; path = ActionSheetDatePicker.m; sourceTree = "<group>"; };
		AC46F4CF17C8939B00988C9E /* libTestFlight.a */ = {isa = PBXFileReference; lastKnownFileType = archive.ar; path = libTestFlight.a; sourceTree = "<group>"; };
		AC46F4D017C8939B00988C9E /* README.md */ = {isa = PBXFileReference; fileEncoding = 4; lastKnownFileType = text; path = README.md; sourceTree = "<group>"; };
		AC46F4D117C8939B00988C9E /* release_notes.md */ = {isa = PBXFileReference; fileEncoding = 4; lastKnownFileType = text; path = release_notes.md; sourceTree = "<group>"; };
		AC46F4D217C8939B00988C9E /* TestFlight+AsyncLogging.h */ = {isa = PBXFileReference; fileEncoding = 4; lastKnownFileType = sourcecode.c.h; path = "TestFlight+AsyncLogging.h"; sourceTree = "<group>"; };
		AC46F4D317C8939B00988C9E /* TestFlight+ManualSessions.h */ = {isa = PBXFileReference; fileEncoding = 4; lastKnownFileType = sourcecode.c.h; path = "TestFlight+ManualSessions.h"; sourceTree = "<group>"; };
		AC46F4D417C8939B00988C9E /* TestFlight.h */ = {isa = PBXFileReference; fileEncoding = 4; lastKnownFileType = sourcecode.c.h; path = TestFlight.h; sourceTree = "<group>"; };
		AC46F4D817C8982100988C9E /* libz.dylib */ = {isa = PBXFileReference; lastKnownFileType = "compiled.mach-o.dylib"; name = libz.dylib; path = usr/lib/libz.dylib; sourceTree = SDKROOT; };
		AC51AF0417CCF86500176627 /* Icon-72.png */ = {isa = PBXFileReference; lastKnownFileType = image.png; name = "Icon-72.png"; path = "../Icon-72.png"; sourceTree = "<group>"; };
		AC51AF0517CCF86500176627 /* Icon-72@2x.png */ = {isa = PBXFileReference; lastKnownFileType = image.png; name = "Icon-72@2x.png"; path = "../Icon-72@2x.png"; sourceTree = "<group>"; };
		AC51AF0617CCF86500176627 /* Icon-Small-50.png */ = {isa = PBXFileReference; lastKnownFileType = image.png; name = "Icon-Small-50.png"; path = "../Icon-Small-50.png"; sourceTree = "<group>"; };
		AC51AF0717CCF86500176627 /* Icon-Small-50@2x.png */ = {isa = PBXFileReference; lastKnownFileType = image.png; name = "Icon-Small-50@2x.png"; path = "../Icon-Small-50@2x.png"; sourceTree = "<group>"; };
		AC51AF0817CCF86500176627 /* Icon-Small.png */ = {isa = PBXFileReference; lastKnownFileType = image.png; name = "Icon-Small.png"; path = "../Icon-Small.png"; sourceTree = "<group>"; };
		AC51AF0917CCF86500176627 /* Icon-Small@2x.png */ = {isa = PBXFileReference; lastKnownFileType = image.png; name = "Icon-Small@2x.png"; path = "../Icon-Small@2x.png"; sourceTree = "<group>"; };
		AC51AF0A17CCF86500176627 /* Icon.png */ = {isa = PBXFileReference; lastKnownFileType = image.png; name = Icon.png; path = ../Icon.png; sourceTree = "<group>"; };
		AC51AF0B17CCF86500176627 /* Icon@2x.png */ = {isa = PBXFileReference; lastKnownFileType = image.png; name = "Icon@2x.png"; path = "../Icon@2x.png"; sourceTree = "<group>"; };
		AC51AF0C17CCF86500176627 /* iTunesArtwork.png */ = {isa = PBXFileReference; lastKnownFileType = image.png; name = iTunesArtwork.png; path = ../iTunesArtwork.png; sourceTree = "<group>"; };
		AC51AF0D17CCF86500176627 /* iTunesArtwork@2x.png */ = {isa = PBXFileReference; lastKnownFileType = image.png; name = "iTunesArtwork@2x.png"; path = "../iTunesArtwork@2x.png"; sourceTree = "<group>"; };
		AC5831B717E5679D00FD4F28 /* and.m4a */ = {isa = PBXFileReference; lastKnownFileType = file; path = and.m4a; sourceTree = "<group>"; };
		AC5831B817E5679D00FD4F28 /* 8.m4a */ = {isa = PBXFileReference; lastKnownFileType = file; path = 8.m4a; sourceTree = "<group>"; };
		AC5831B917E5679D00FD4F28 /* 18.m4a */ = {isa = PBXFileReference; lastKnownFileType = file; path = 18.m4a; sourceTree = "<group>"; };
		AC5831BA17E5679D00FD4F28 /* 80.m4a */ = {isa = PBXFileReference; lastKnownFileType = file; path = 80.m4a; sourceTree = "<group>"; };
		AC5831BB17E5679D00FD4F28 /* 11.m4a */ = {isa = PBXFileReference; lastKnownFileType = file; path = 11.m4a; sourceTree = "<group>"; };
		AC5831BC17E5679D00FD4F28 /* 15.m4a */ = {isa = PBXFileReference; lastKnownFileType = file; path = 15.m4a; sourceTree = "<group>"; };
		AC5831BD17E5679D00FD4F28 /* 50.m4a */ = {isa = PBXFileReference; lastKnownFileType = file; path = 50.m4a; sourceTree = "<group>"; };
		AC5831BE17E5679D00FD4F28 /* 5.m4a */ = {isa = PBXFileReference; lastKnownFileType = file; path = 5.m4a; sourceTree = "<group>"; };
		AC5831BF17E5679D00FD4F28 /* 40.m4a */ = {isa = PBXFileReference; lastKnownFileType = file; path = 40.m4a; sourceTree = "<group>"; };
		AC5831C017E5679D00FD4F28 /* 4.m4a */ = {isa = PBXFileReference; lastKnownFileType = file; path = 4.m4a; sourceTree = "<group>"; };
		AC5831C117E5679D00FD4F28 /* 14.m4a */ = {isa = PBXFileReference; lastKnownFileType = file; path = 14.m4a; sourceTree = "<group>"; };
		AC5831C217E5679D00FD4F28 /* hour.m4a */ = {isa = PBXFileReference; lastKnownFileType = file; path = hour.m4a; sourceTree = "<group>"; };
		AC5831C317E5679D00FD4F28 /* hours.m4a */ = {isa = PBXFileReference; lastKnownFileType = file; path = hours.m4a; sourceTree = "<group>"; };
		AC5831C617E5679D00FD4F28 /* minute.m4a */ = {isa = PBXFileReference; lastKnownFileType = file; path = minute.m4a; sourceTree = "<group>"; };
		AC5831C717E5679D00FD4F28 /* minutes.m4a */ = {isa = PBXFileReference; lastKnownFileType = file; path = minutes.m4a; sourceTree = "<group>"; };
		AC5831C817E5679D00FD4F28 /* 9.m4a */ = {isa = PBXFileReference; lastKnownFileType = file; path = 9.m4a; sourceTree = "<group>"; };
		AC5831C917E5679D00FD4F28 /* 19.m4a */ = {isa = PBXFileReference; lastKnownFileType = file; path = 19.m4a; sourceTree = "<group>"; };
		AC5831CA17E5679D00FD4F28 /* 90.m4a */ = {isa = PBXFileReference; lastKnownFileType = file; path = 90.m4a; sourceTree = "<group>"; };
		AC5831CB17E5679D00FD4F28 /* 1.m4a */ = {isa = PBXFileReference; lastKnownFileType = file; path = 1.m4a; sourceTree = "<group>"; };
		AC5831CC17E5679D00FD4F28 /* second.m4a */ = {isa = PBXFileReference; lastKnownFileType = file; path = second.m4a; sourceTree = "<group>"; };
		AC5831CD17E5679D00FD4F28 /* seconds.m4a */ = {isa = PBXFileReference; lastKnownFileType = file; path = seconds.m4a; sourceTree = "<group>"; };
		AC5831CE17E5679D00FD4F28 /* 7.m4a */ = {isa = PBXFileReference; lastKnownFileType = file; path = 7.m4a; sourceTree = "<group>"; };
		AC5831CF17E5679D00FD4F28 /* 17.m4a */ = {isa = PBXFileReference; lastKnownFileType = file; path = 17.m4a; sourceTree = "<group>"; };
		AC5831D017E5679D00FD4F28 /* 70.m4a */ = {isa = PBXFileReference; lastKnownFileType = file; path = 70.m4a; sourceTree = "<group>"; };
		AC5831D117E5679D00FD4F28 /* 6.m4a */ = {isa = PBXFileReference; lastKnownFileType = file; path = 6.m4a; sourceTree = "<group>"; };
		AC5831D217E5679D00FD4F28 /* 16.m4a */ = {isa = PBXFileReference; lastKnownFileType = file; path = 16.m4a; sourceTree = "<group>"; };
		AC5831D317E5679D00FD4F28 /* 60.m4a */ = {isa = PBXFileReference; lastKnownFileType = file; path = 60.m4a; sourceTree = "<group>"; };
		AC5831D417E5679D00FD4F28 /* 10.m4a */ = {isa = PBXFileReference; lastKnownFileType = file; path = 10.m4a; sourceTree = "<group>"; };
		AC5831D517E5679D00FD4F28 /* 13.m4a */ = {isa = PBXFileReference; lastKnownFileType = file; path = 13.m4a; sourceTree = "<group>"; };
		AC5831D617E5679D00FD4F28 /* 30.m4a */ = {isa = PBXFileReference; lastKnownFileType = file; path = 30.m4a; sourceTree = "<group>"; };
		AC5831D717E5679D00FD4F28 /* 3.m4a */ = {isa = PBXFileReference; lastKnownFileType = file; path = 3.m4a; sourceTree = "<group>"; };
		AC5831D817E5679D00FD4F28 /* to your record.m4a */ = {isa = PBXFileReference; lastKnownFileType = file; path = "to your record.m4a"; sourceTree = "<group>"; };
		AC5831D917E5679D00FD4F28 /* 12.m4a */ = {isa = PBXFileReference; lastKnownFileType = file; path = 12.m4a; sourceTree = "<group>"; };
		AC5831DA17E5679D00FD4F28 /* 20.m4a */ = {isa = PBXFileReference; lastKnownFileType = file; path = 20.m4a; sourceTree = "<group>"; };
		AC5831DB17E5679D00FD4F28 /* 2.m4a */ = {isa = PBXFileReference; lastKnownFileType = file; path = 2.m4a; sourceTree = "<group>"; };
		AC58320117E5681900FD4F28 /* VoicePlayer.h */ = {isa = PBXFileReference; fileEncoding = 4; lastKnownFileType = sourcecode.c.h; path = VoicePlayer.h; sourceTree = "<group>"; };
		AC58320217E5681900FD4F28 /* VoicePlayer.m */ = {isa = PBXFileReference; fileEncoding = 4; lastKnownFileType = sourcecode.c.objc; path = VoicePlayer.m; sourceTree = "<group>"; };
		AC58320417E581E800FD4F28 /* AVFoundation.framework */ = {isa = PBXFileReference; lastKnownFileType = wrapper.framework; name = AVFoundation.framework; path = System/Library/Frameworks/AVFoundation.framework; sourceTree = SDKROOT; };
		AC7B827417CFA3B700C445CC /* plank0.png */ = {isa = PBXFileReference; lastKnownFileType = image.png; path = plank0.png; sourceTree = "<group>"; };
		AC7B827517CFA3B700C445CC /* plank1.png */ = {isa = PBXFileReference; lastKnownFileType = image.png; path = plank1.png; sourceTree = "<group>"; };
		AC7B827617CFA3B700C445CC /* plank2.png */ = {isa = PBXFileReference; lastKnownFileType = image.png; path = plank2.png; sourceTree = "<group>"; };
		AC7EE78217CE3EC600CFC298 /* TutorialViewController.h */ = {isa = PBXFileReference; fileEncoding = 4; lastKnownFileType = sourcecode.c.h; path = TutorialViewController.h; sourceTree = "<group>"; };
		AC7EE78317CE3EC600CFC298 /* TutorialViewController.m */ = {isa = PBXFileReference; fileEncoding = 4; lastKnownFileType = sourcecode.c.objc; path = TutorialViewController.m; sourceTree = "<group>"; };
		AC7EE78417CE3EC600CFC298 /* TutorialView.xib */ = {isa = PBXFileReference; fileEncoding = 4; lastKnownFileType = file.xib; path = TutorialView.xib; sourceTree = "<group>"; };
		AC8DD97D17DB1C80000AEA1A /* Settings.storyboard */ = {isa = PBXFileReference; fileEncoding = 4; lastKnownFileType = file.storyboard; path = Settings.storyboard; sourceTree = "<group>"; };
/* End PBXFileReference section */

/* Begin PBXFrameworksBuildPhase section */
		669C6A2C1392753A1686CF18 /* Frameworks */ = {
			isa = PBXFrameworksBuildPhase;
			buildActionMask = 2147483647;
			files = (
				AC58320517E581E800FD4F28 /* AVFoundation.framework in Frameworks */,
				AC46F4D917C8982100988C9E /* libz.dylib in Frameworks */,
				669C6E15F70BF6AD6EFD599F /* UIKit.framework in Frameworks */,
				669C67F03581D54B16A4F583 /* Foundation.framework in Frameworks */,
				669C6B436D39320CD90E1A5B /* CoreGraphics.framework in Frameworks */,
				AC46F4D517C8939B00988C9E /* libTestFlight.a in Frameworks */,
			);
			runOnlyForDeploymentPostprocessing = 0;
		};
/* End PBXFrameworksBuildPhase section */

/* Begin PBXGroup section */
		669C62E52AA656DAD4FA70DC /* Supporting Files */ = {
			isa = PBXGroup;
			children = (
				AC5831B617E5679D00FD4F28 /* voice */,
				AC51AF0C17CCF86500176627 /* iTunesArtwork.png */,
				AC51AF0D17CCF86500176627 /* iTunesArtwork@2x.png */,
				AC7B827417CFA3B700C445CC /* plank0.png */,
				AC7B827517CFA3B700C445CC /* plank1.png */,
				AC7B827617CFA3B700C445CC /* plank2.png */,
				AC51AF0417CCF86500176627 /* Icon-72.png */,
				AC51AF0517CCF86500176627 /* Icon-72@2x.png */,
				AC51AF0617CCF86500176627 /* Icon-Small-50.png */,
				AC51AF0717CCF86500176627 /* Icon-Small-50@2x.png */,
				AC51AF0817CCF86500176627 /* Icon-Small.png */,
				AC51AF0917CCF86500176627 /* Icon-Small@2x.png */,
				AC51AF0A17CCF86500176627 /* Icon.png */,
				AC51AF0B17CCF86500176627 /* Icon@2x.png */,
				669C6A0A91227AE27477CF4C /* Plank-Info.plist */,
				669C61EC6454A1185E7B5588 /* InfoPlist.strings */,
				669C6F7BB1CCCA11A880D48E /* main.m */,
				669C6EC9A28D4AF791946710 /* Plank-Prefix.pch */,
				669C6BC47F84B450D2365B57 /* Default.png */,
				669C6A48F52F929EE0330814 /* Default@2x.png */,
				669C6446C4510C70206A53ED /* Default-568h@2x.png */,
				669C67CFFB535FF875880DD7 /* first@2x.png */,
				669C6D401A7CBAFE8EC48EE4 /* first.png */,
				669C68F3D052C52B82EB5154 /* second@2x.png */,
				669C6BEFA3796F926DAD47B6 /* second.png */,
			);
			name = "Supporting Files";
			sourceTree = "<group>";
		};
		669C633452F4266E9C59932B /* Setting */ = {
			isa = PBXGroup;
			children = (
				669C60DEC238A76156FBD428 /* Setting.h */,
				669C6291CE1E4C5050AD226C /* Setting.m */,
				669C61E8337D5E2A5DC60033 /* SettingViewController.h */,
				669C6D123F961CE86293BC4A /* SettingViewController.m */,
				AC8DD97D17DB1C80000AEA1A /* Settings.storyboard */,
			);
			name = Setting;
			sourceTree = "<group>";
		};
		669C64D80AC4E086A22A2D11 /* Plank */ = {
			isa = PBXGroup;
			children = (
				669C62E52AA656DAD4FA70DC /* Supporting Files */,
				669C65DF443CD9F0E9A22750 /* AppDelegate.h */,
				669C67218ED9C68454704265 /* AppDelegate.m */,
				669C6DDF724E38D9898B5F81 /* MainViewController.h */,
				669C6A005849890E3BE4B624 /* MainViewController.m */,
				669C62358B56FC3976CEA9EA /* TimerViewController.h */,
				669C679917EA8BAE072ED7D0 /* TimerViewController.m */,
				669C6223366E799D6317C5B4 /* TimerView.xib */,
				AC7EE78217CE3EC600CFC298 /* TutorialViewController.h */,
				AC7EE78317CE3EC600CFC298 /* TutorialViewController.m */,
				AC7EE78417CE3EC600CFC298 /* TutorialView.xib */,
				669C6E111315E236961A1FC8 /* Utils.h */,
				669C6197EA446B6CC62A61D2 /* Utils.m */,
				AC58320117E5681900FD4F28 /* VoicePlayer.h */,
				AC58320217E5681900FD4F28 /* VoicePlayer.m */,
				AC8DD97C17DB1AAE000AEA1A /* History */,
				669C633452F4266E9C59932B /* Setting */,
			);
			path = Plank;
			sourceTree = "<group>";
		};
		669C654A2B7AF50C4FDFCD21 /* Products */ = {
			isa = PBXGroup;
			children = (
				669C6AB494AE04E0FBA56696 /* Plank.app */,
			);
			name = Products;
			sourceTree = "<group>";
		};
		669C683AA28E66FAC19625D0 = {
			isa = PBXGroup;
			children = (
				669C654A2B7AF50C4FDFCD21 /* Products */,
				669C6C9F6311837A7A77E784 /* Frameworks */,
				AC8DD97B17DB18CB000AEA1A /* Vendor */,
				669C64D80AC4E086A22A2D11 /* Plank */,
			);
			sourceTree = "<group>";
		};
		669C6C9F6311837A7A77E784 /* Frameworks */ = {
			isa = PBXGroup;
			children = (
				AC46F4D817C8982100988C9E /* libz.dylib */,
				AC58320417E581E800FD4F28 /* AVFoundation.framework */,
				669C6F06839B1EF2817D6337 /* UIKit.framework */,
				669C65208C240A7B6D880517 /* Foundation.framework */,
				669C61605667738527AC32C1 /* CoreGraphics.framework */,
			);
			name = Frameworks;
			sourceTree = "<group>";
		};
		AC2A1E8117DC873400DB6091 /* Pickers */ = {
			isa = PBXGroup;
			children = (
				AC2A1E8217DC873400DB6091 /* AbstractActionSheetPicker.h */,
				AC2A1E8317DC873400DB6091 /* AbstractActionSheetPicker.m */,
				AC2A1E8717DC873400DB6091 /* ActionSheetDatePicker.h */,
				AC2A1E8817DC873400DB6091 /* ActionSheetDatePicker.m */,
			);
			path = Pickers;
			sourceTree = "<group>";
		};
		AC46F4CE17C8939B00988C9E /* TestFlightSDK2.0.0 */ = {
			isa = PBXGroup;
			children = (
				AC46F4CF17C8939B00988C9E /* libTestFlight.a */,
				AC46F4D017C8939B00988C9E /* README.md */,
				AC46F4D117C8939B00988C9E /* release_notes.md */,
				AC46F4D217C8939B00988C9E /* TestFlight+AsyncLogging.h */,
				AC46F4D317C8939B00988C9E /* TestFlight+ManualSessions.h */,
				AC46F4D417C8939B00988C9E /* TestFlight.h */,
			);
			path = TestFlightSDK2.0.0;
			sourceTree = "<group>";
		};
		AC5831B617E5679D00FD4F28 /* voice */ = {
			isa = PBXGroup;
			children = (
				AC5831CB17E5679D00FD4F28 /* 1.m4a */,
				AC5831DB17E5679D00FD4F28 /* 2.m4a */,
				AC5831D717E5679D00FD4F28 /* 3.m4a */,
				AC5831C017E5679D00FD4F28 /* 4.m4a */,
				AC5831BE17E5679D00FD4F28 /* 5.m4a */,
				AC5831D117E5679D00FD4F28 /* 6.m4a */,
				AC5831CE17E5679D00FD4F28 /* 7.m4a */,
				AC5831B817E5679D00FD4F28 /* 8.m4a */,
				AC5831C817E5679D00FD4F28 /* 9.m4a */,
				AC5831D417E5679D00FD4F28 /* 10.m4a */,
				AC5831BB17E5679D00FD4F28 /* 11.m4a */,
				AC5831D917E5679D00FD4F28 /* 12.m4a */,
				AC5831D517E5679D00FD4F28 /* 13.m4a */,
				AC5831C117E5679D00FD4F28 /* 14.m4a */,
				AC5831BC17E5679D00FD4F28 /* 15.m4a */,
				AC5831D217E5679D00FD4F28 /* 16.m4a */,
				AC5831CF17E5679D00FD4F28 /* 17.m4a */,
				AC5831B917E5679D00FD4F28 /* 18.m4a */,
				AC5831C917E5679D00FD4F28 /* 19.m4a */,
				AC5831DA17E5679D00FD4F28 /* 20.m4a */,
				AC5831D617E5679D00FD4F28 /* 30.m4a */,
				AC5831BF17E5679D00FD4F28 /* 40.m4a */,
				AC5831BD17E5679D00FD4F28 /* 50.m4a */,
				AC5831D317E5679D00FD4F28 /* 60.m4a */,
				AC5831D017E5679D00FD4F28 /* 70.m4a */,
				AC5831BA17E5679D00FD4F28 /* 80.m4a */,
				AC5831CA17E5679D00FD4F28 /* 90.m4a */,
				AC5831B717E5679D00FD4F28 /* and.m4a */,
				AC5831C217E5679D00FD4F28 /* hour.m4a */,
				AC5831C317E5679D00FD4F28 /* hours.m4a */,
				AC5831C617E5679D00FD4F28 /* minute.m4a */,
				AC5831C717E5679D00FD4F28 /* minutes.m4a */,
				AC5831CC17E5679D00FD4F28 /* second.m4a */,
				AC5831CD17E5679D00FD4F28 /* seconds.m4a */,
				AC5831D817E5679D00FD4F28 /* to your record.m4a */,
			);
			path = voice;
			sourceTree = "<group>";
		};
		AC8DD97B17DB18CB000AEA1A /* Vendor */ = {
			isa = PBXGroup;
			children = (
				AC2A1E8117DC873400DB6091 /* Pickers */,
				AC46F4CE17C8939B00988C9E /* TestFlightSDK2.0.0 */,
			);
			name = Vendor;
			sourceTree = "<group>";
		};
		AC8DD97C17DB1AAE000AEA1A /* History */ = {
			isa = PBXGroup;
			children = (
				669C658EAADC7BA49DF6E63A /* History.h */,
				669C62D6E02EDE2510D6B2C3 /* History.m */,
				669C6AF40CC6B3DC6AFE464C /* HistoryList.h */,
				669C680067347C26E9F149AB /* HistoryList.m */,
				669C6C6467C59DAAA7566946 /* HistoryViewController.h */,
				669C69B345671C95F9BC09EB /* HistoryViewController.m */,
			);
			name = History;
			sourceTree = "<group>";
		};
/* End PBXGroup section */

/* Begin PBXNativeTarget section */
		669C6D38534ECC05CE99AE5D /* Plank */ = {
			isa = PBXNativeTarget;
			buildConfigurationList = 669C6FB8C563DD035516537F /* Build configuration list for PBXNativeTarget "Plank" */;
			buildPhases = (
				669C6F8750D473EA7A3E11B1 /* Sources */,
				669C6A2C1392753A1686CF18 /* Frameworks */,
				669C6CAECEECC10EDD656F21 /* Resources */,
			);
			buildRules = (
			);
			dependencies = (
			);
			name = Plank;
			productName = Plank;
			productReference = 669C6AB494AE04E0FBA56696 /* Plank.app */;
			productType = "com.apple.product-type.application";
		};
/* End PBXNativeTarget section */

/* Begin PBXProject section */
		669C65A8972E3797BBE34140 /* Project object */ = {
			isa = PBXProject;
			attributes = {
				ORGANIZATIONNAME = "___FULLUSERNAME___";
			};
			buildConfigurationList = 669C68D2CA8D76B68531AEF1 /* Build configuration list for PBXProject "Plank" */;
			compatibilityVersion = "Xcode 3.2";
			developmentRegion = English;
			hasScannedForEncodings = 0;
			knownRegions = (
				en,
			);
			mainGroup = 669C683AA28E66FAC19625D0;
			productRefGroup = 669C654A2B7AF50C4FDFCD21 /* Products */;
			projectDirPath = "";
			projectRoot = "";
			targets = (
				669C6D38534ECC05CE99AE5D /* Plank */,
			);
		};
/* End PBXProject section */

/* Begin PBXResourcesBuildPhase section */
		669C6CAECEECC10EDD656F21 /* Resources */ = {
			isa = PBXResourcesBuildPhase;
			buildActionMask = 2147483647;
			files = (
				669C69269963ED7F50F35092 /* InfoPlist.strings in Resources */,
				669C641C3638DE13A56E51A8 /* Default.png in Resources */,
				669C6B18FD908078DA8A0C92 /* Default@2x.png in Resources */,
				669C6991CDFAD2868EDE27E4 /* Default-568h@2x.png in Resources */,
				669C651F2E664DDF0A779994 /* first@2x.png in Resources */,
				669C67FFB0F62839BBB7AFC5 /* first.png in Resources */,
				669C62B32394DE7C06F4902A /* second@2x.png in Resources */,
				669C6E05A023E0CFC5CF3002 /* second.png in Resources */,
				669C6EB6895D9620098FCFEF /* TimerView.xib in Resources */,
				AC46F4D617C8939B00988C9E /* README.md in Resources */,
				AC46F4D717C8939B00988C9E /* release_notes.md in Resources */,
				AC51AF0E17CCF86500176627 /* Icon-72.png in Resources */,
				AC51AF0F17CCF86500176627 /* Icon-72@2x.png in Resources */,
				AC51AF1017CCF86500176627 /* Icon-Small-50.png in Resources */,
				AC51AF1117CCF86500176627 /* Icon-Small-50@2x.png in Resources */,
				AC51AF1217CCF86500176627 /* Icon-Small.png in Resources */,
				AC51AF1317CCF86500176627 /* Icon-Small@2x.png in Resources */,
				AC51AF1417CCF86500176627 /* Icon.png in Resources */,
				AC51AF1517CCF86500176627 /* Icon@2x.png in Resources */,
				AC51AF1617CCF86500176627 /* iTunesArtwork.png in Resources */,
				AC51AF1717CCF86500176627 /* iTunesArtwork@2x.png in Resources */,
				AC7EE78617CE3EC600CFC298 /* TutorialView.xib in Resources */,
				AC7B827717CFA3B700C445CC /* plank0.png in Resources */,
				AC7B827817CFA3B700C445CC /* plank1.png in Resources */,
				AC7B827917CFA3B700C445CC /* plank2.png in Resources */,
				AC8DD97E17DB1C80000AEA1A /* Settings.storyboard in Resources */,
				AC5831DC17E5679D00FD4F28 /* and.m4a in Resources */,
				AC5831DD17E5679D00FD4F28 /* 8.m4a in Resources */,
				AC5831DE17E5679D00FD4F28 /* 18.m4a in Resources */,
				AC5831DF17E5679D00FD4F28 /* 80.m4a in Resources */,
				AC5831E017E5679D00FD4F28 /* 11.m4a in Resources */,
				AC5831E117E5679D00FD4F28 /* 15.m4a in Resources */,
				AC5831E217E5679D00FD4F28 /* 50.m4a in Resources */,
				AC5831E317E5679D00FD4F28 /* 5.m4a in Resources */,
				AC5831E417E5679D00FD4F28 /* 40.m4a in Resources */,
				AC5831E517E5679D00FD4F28 /* 4.m4a in Resources */,
				AC5831E617E5679D00FD4F28 /* 14.m4a in Resources */,
				AC5831E717E5679D00FD4F28 /* hour.m4a in Resources */,
				AC5831E817E5679D00FD4F28 /* hours.m4a in Resources */,
				AC5831EB17E5679D00FD4F28 /* minute.m4a in Resources */,
				AC5831EC17E5679D00FD4F28 /* minutes.m4a in Resources */,
				AC5831ED17E5679D00FD4F28 /* 9.m4a in Resources */,
				AC5831EE17E5679D00FD4F28 /* 19.m4a in Resources */,
				AC5831EF17E5679D00FD4F28 /* 90.m4a in Resources */,
				AC5831F017E5679D00FD4F28 /* 1.m4a in Resources */,
				AC5831F117E5679D00FD4F28 /* second.m4a in Resources */,
				AC5831F217E5679D00FD4F28 /* seconds.m4a in Resources */,
				AC5831F317E5679D00FD4F28 /* 7.m4a in Resources */,
				AC5831F417E5679D00FD4F28 /* 17.m4a in Resources */,
				AC5831F517E5679D00FD4F28 /* 70.m4a in Resources */,
				AC5831F617E5679D00FD4F28 /* 6.m4a in Resources */,
				AC5831F717E5679D00FD4F28 /* 16.m4a in Resources */,
				AC5831F817E5679D00FD4F28 /* 60.m4a in Resources */,
				AC5831F917E5679D00FD4F28 /* 10.m4a in Resources */,
				AC5831FA17E5679D00FD4F28 /* 13.m4a in Resources */,
				AC5831FB17E5679D00FD4F28 /* 30.m4a in Resources */,
				AC5831FC17E5679D00FD4F28 /* 3.m4a in Resources */,
				AC5831FD17E5679D00FD4F28 /* to your record.m4a in Resources */,
				AC5831FE17E5679D00FD4F28 /* 12.m4a in Resources */,
				AC5831FF17E5679D00FD4F28 /* 20.m4a in Resources */,
				AC58320017E5679D00FD4F28 /* 2.m4a in Resources */,
			);
			runOnlyForDeploymentPostprocessing = 0;
		};
/* End PBXResourcesBuildPhase section */

/* Begin PBXSourcesBuildPhase section */
		669C6F8750D473EA7A3E11B1 /* Sources */ = {
			isa = PBXSourcesBuildPhase;
			buildActionMask = 2147483647;
			files = (
				669C63FBD2A89272FEB6A624 /* main.m in Sources */,
				669C644BEF44268DBD70FF24 /* AppDelegate.m in Sources */,
				669C6D5297CC98E99AF9A758 /* MainViewController.m in Sources */,
				669C6CDD3D168BB6C1FC4E92 /* HistoryViewController.m in Sources */,
				669C6A9135AB4278EC35143F /* TimerViewController.m in Sources */,
				669C6185D1C14D882A55528D /* Utils.m in Sources */,
				669C60A544B97987D4F34D30 /* History.m in Sources */,
				669C69FF5E827B3E87D23DE0 /* HistoryList.m in Sources */,
				669C65CDD98C5BF761FCE643 /* Setting.m in Sources */,
				669C64B17FAF52CF59444BDA /* SettingViewController.m in Sources */,
				AC7EE78517CE3EC600CFC298 /* TutorialViewController.m in Sources */,
				AC2A1E8F17DC873400DB6091 /* AbstractActionSheetPicker.m in Sources */,
				AC2A1E9117DC873400DB6091 /* ActionSheetDatePicker.m in Sources */,
				AC58320317E5681900FD4F28 /* VoicePlayer.m in Sources */,
			);
			runOnlyForDeploymentPostprocessing = 0;
		};
/* End PBXSourcesBuildPhase section */

/* Begin PBXVariantGroup section */
		669C61EC6454A1185E7B5588 /* InfoPlist.strings */ = {
			isa = PBXVariantGroup;
			children = (
				669C6FD284D3B0BD80D3F217 /* en */,
			);
			name = InfoPlist.strings;
			sourceTree = "<group>";
		};
/* End PBXVariantGroup section */

/* Begin XCBuildConfiguration section */
		669C616FAF9BFB64F0856112 /* Release */ = {
			isa = XCBuildConfiguration;
			buildSettings = {
				ALWAYS_SEARCH_USER_PATHS = NO;
				CLANG_CXX_LANGUAGE_STANDARD = "gnu++0x";
				CLANG_CXX_LIBRARY = "libc++";
				CLANG_ENABLE_OBJC_ARC = YES;
				CLANG_WARN_CONSTANT_CONVERSION = YES;
				CLANG_WARN_EMPTY_BODY = YES;
				CLANG_WARN_ENUM_CONVERSION = YES;
				CLANG_WARN_INT_CONVERSION = YES;
				CLANG_WARN__DUPLICATE_METHOD_MATCH = YES;
				"CODE_SIGN_IDENTITY[sdk=iphoneos*]" = "iPhone Developer";
				COPY_PHASE_STRIP = YES;
				GCC_C_LANGUAGE_STANDARD = gnu99;
				GCC_WARN_ABOUT_RETURN_TYPE = YES;
				GCC_WARN_UNINITIALIZED_AUTOS = YES;
				GCC_WARN_UNUSED_VARIABLE = YES;
				IPHONEOS_DEPLOYMENT_TARGET = 6.1;
				OTHER_CFLAGS = "-DNS_BLOCK_ASSERTIONS=1";
				SDKROOT = iphoneos;
				VALIDATE_PRODUCT = YES;
			};
			name = Release;
		};
		669C6388ED48EAF0769A10CF /* Release */ = {
			isa = XCBuildConfiguration;
			buildSettings = {
				CODE_SIGN_IDENTITY = "iPhone Distribution";
				"CODE_SIGN_IDENTITY[sdk=iphoneos*]" = "iPhone Distribution";
				GCC_PRECOMPILE_PREFIX_HEADER = YES;
				GCC_PREFIX_HEADER = "Plank/Plank-Prefix.pch";
				INFOPLIST_FILE = "Plank/Plank-Info.plist";
				IPHONEOS_DEPLOYMENT_TARGET = 5.0;
				LIBRARY_SEARCH_PATHS = (
					"$(inherited)",
					"\"$(SRCROOT)/TestFlightSDK2.0.0\"",
				);
				PRODUCT_NAME = "$(TARGET_NAME)";
				PROVISIONING_PROFILE = "";
				"PROVISIONING_PROFILE[sdk=iphoneos*]" = "";
				WRAPPER_EXTENSION = app;
			};
			name = Release;
		};
		669C643E7C1411A46BA15303 /* Debug */ = {
			isa = XCBuildConfiguration;
			buildSettings = {
				ALWAYS_SEARCH_USER_PATHS = NO;
				CLANG_CXX_LANGUAGE_STANDARD = "gnu++0x";
				CLANG_CXX_LIBRARY = "libc++";
				CLANG_ENABLE_OBJC_ARC = YES;
				CLANG_WARN_CONSTANT_CONVERSION = YES;
				CLANG_WARN_EMPTY_BODY = YES;
				CLANG_WARN_ENUM_CONVERSION = YES;
				CLANG_WARN_INT_CONVERSION = YES;
				CLANG_WARN__DUPLICATE_METHOD_MATCH = YES;
				"CODE_SIGN_IDENTITY[sdk=iphoneos*]" = "iPhone Developer";
				COPY_PHASE_STRIP = NO;
				GCC_C_LANGUAGE_STANDARD = gnu99;
				GCC_DYNAMIC_NO_PIC = NO;
				GCC_OPTIMIZATION_LEVEL = 0;
				GCC_PREPROCESSOR_DEFINITIONS = (
					"DEBUG=1",
					"$(inherited)",
				);
				GCC_SYMBOLS_PRIVATE_EXTERN = NO;
				GCC_WARN_ABOUT_RETURN_TYPE = YES;
				GCC_WARN_UNINITIALIZED_AUTOS = YES;
				GCC_WARN_UNUSED_VARIABLE = YES;
				IPHONEOS_DEPLOYMENT_TARGET = 6.1;
				ONLY_ACTIVE_ARCH = YES;
				SDKROOT = iphoneos;
			};
			name = Debug;
		};
		669C6C4997A17F15D78B4019 /* Debug */ = {
			isa = XCBuildConfiguration;
			buildSettings = {
				GCC_PRECOMPILE_PREFIX_HEADER = YES;
				GCC_PREFIX_HEADER = "Plank/Plank-Prefix.pch";
				INFOPLIST_FILE = "Plank/Plank-Info.plist";
				IPHONEOS_DEPLOYMENT_TARGET = 5.0;
				LIBRARY_SEARCH_PATHS = (
					"$(inherited)",
					"\"$(SRCROOT)/TestFlightSDK2.0.0\"",
				);
				PRODUCT_NAME = "$(TARGET_NAME)";
				WRAPPER_EXTENSION = app;
			};
			name = Debug;
		};
/* End XCBuildConfiguration section */

/* Begin XCConfigurationList section */
		669C68D2CA8D76B68531AEF1 /* Build configuration list for PBXProject "Plank" */ = {
			isa = XCConfigurationList;
			buildConfigurations = (
				669C616FAF9BFB64F0856112 /* Release */,
				669C643E7C1411A46BA15303 /* Debug */,
			);
			defaultConfigurationIsVisible = 0;
			defaultConfigurationName = Release;
		};
		669C6FB8C563DD035516537F /* Build configuration list for PBXNativeTarget "Plank" */ = {
			isa = XCConfigurationList;
			buildConfigurations = (
				669C6388ED48EAF0769A10CF /* Release */,
				669C6C4997A17F15D78B4019 /* Debug */,
			);
			defaultConfigurationIsVisible = 0;
			defaultConfigurationName = Release;
		};
/* End XCConfigurationList section */
	};
	rootObject = 669C65A8972E3797BBE34140 /* Project object */;
}
